# @generated - this file is auto-generated by `mise lock` https://mise.en.dev/dev-tools/mise-lock.html

[[tools.actionlint]]
version = "1.7.12"
backend = "aqua:rhysd/actionlint"

[tools.actionlint."platforms.linux-arm64"]
checksum = "sha256:325e971b6ba9bfa504672e29be93c24981eeb1c07576d730e9f7c8805afff0c6"
url = "https://github.com/rhysd/actionlint/releases/download/v1.7.12/actionlint_1.7.12_linux_arm64.tar.gz"
provenance = "github-attestations"

[tools.actionlint."platforms.linux-arm64-musl"]
checksum = "sha256:325e971b6ba9bfa504672e29be93c24981eeb1c07576d730e9f7c8805afff0c6"
url = "https://github.com/rhysd/actionlint/releases/download/v1.7.12/actionlint_1.7.12_linux_arm64.tar.gz"
provenance = "github-attestations"

[tools.actionlint."platforms.linux-x64"]
checksum = "sha256:8aca8db96f1b94770f1b0d72b6dddcb1ebb8123cb3712530b08cc387b349a3d8"
url = "https://github.com/rhysd/actionlint/releases/download/v1.7.12/actionlint_1.7.12_linux_amd64.tar.gz"
provenance = "github-attestations"

[tools.actionlint."platforms.linux-x64-musl"]
checksum = "sha256:8aca8db96f1b94770f1b0d72b6dddcb1ebb8123cb3712530b08cc387b349a3d8"
url = "https://github.com/rhysd/actionlint/releases/download/v1.7.12/actionlint_1.7.12_linux_amd64.tar.gz"
provenance = "github-attestations"

[tools.actionlint."platforms.macos-arm64"]
checksum = "sha256:aba9ced2dee8d27fecca3dc7feb1a7f9a52caefa1eb46f3271ea66b6e0e6953f"
url = "https://github.com/rhysd/actionlint/releases/download/v1.7.12/actionlint_1.7.12_darwin_arm64.tar.gz"
provenance = "github-attestations"

[tools.actionlint."platforms.macos-x64"]
checksum = "sha256:5b44c3bc2255115c9b69e30efc0fecdf498fdb63c5d58e17084fd5f16324c644"
url = "https://github.com/rhysd/actionlint/releases/download/v1.7.12/actionlint_1.7.12_darwin_amd64.tar.gz"
provenance = "github-attestations"

[tools.actionlint."platforms.windows-x64"]
checksum = "sha256:6e7241b51e6817ea6a047693d8e6fed13b31819c9a0dd6c5a726e1592d22f6e9"
url = "https://github.com/rhysd/actionlint/releases/download/v1.7.12/actionlint_1.7.12_windows_amd64.zip"
provenance = "github-attestations"

[[tools."aqua:s0undt3ch/ToolR"]]
version = "0.26.0"
backend = "aqua:s0undt3ch/ToolR"

[tools."aqua:s0undt3ch/ToolR"."platforms.linux-arm64"]
checksum = "sha256:50eb5c72a80c5e4cdc4b18c1133ee97e66d82a2c1dfdc12b02dc471392fe94a0"
url = "https://github.com/s0undt3ch/ToolR/releases/download/v0.26.0/toolr-0.26.0-aarch64-unknown-linux-musl.tar.gz"
url_api = "https://api.github.com/repos/s0undt3ch/ToolR/releases/assets/477718833"
provenance = "github-attestations"

[tools."aqua:s0undt3ch/ToolR"."platforms.linux-arm64-musl"]
checksum = "sha256:50eb5c72a80c5e4cdc4b18c1133ee97e66d82a2c1dfdc12b02dc471392fe94a0"
url = "https://github.com/s0undt3ch/ToolR/releases/download/v0.26.0/toolr-0.26.0-aarch64-unknown-linux-musl.tar.gz"
url_api = "https://api.github.com/repos/s0undt3ch/ToolR/releases/assets/477718833"
provenance = "github-attestations"

[tools."aqua:s0undt3ch/ToolR"."platforms.linux-x64"]
checksum = "sha256:1b74371556b71ac07b64a399a37c4b70accd34141050f44dc57ac207148b6fd0"
url = "https://github.com/s0undt3ch/ToolR/releases/download/v0.26.0/toolr-0.26.0-x86_64-unknown-linux-musl.tar.gz"
url_api = "https://api.github.com/repos/s0undt3ch/ToolR/releases/assets/477718825"
provenance = "github-attestations"

[tools."aqua:s0undt3ch/ToolR"."platforms.linux-x64-musl"]
checksum = "sha256:1b74371556b71ac07b64a399a37c4b70accd34141050f44dc57ac207148b6fd0"
url = "https://github.com/s0undt3ch/ToolR/releases/download/v0.26.0/toolr-0.26.0-x86_64-unknown-linux-musl.tar.gz"
url_api = "https://api.github.com/repos/s0undt3ch/ToolR/releases/assets/477718825"
provenance = "github-attestations"

[tools."aqua:s0undt3ch/ToolR"."platforms.macos-arm64"]
checksum = "sha256:65785f20a26d3b5a97d7b7a5f9505bff862816a6dd99f00787b5771fad23a927"
url = "https://github.com/s0undt3ch/ToolR/releases/download/v0.26.0/toolr-0.26.0-aarch64-apple-darwin.tar.gz"
url_api = "https://api.github.com/repos/s0undt3ch/ToolR/releases/assets/477718832"
provenance = "github-attestations"

[tools."aqua:s0undt3ch/ToolR"."platforms.macos-x64"]
checksum = "sha256:0af676ca9cb56126abc7bba3d8681f3acf9a786de91c26df3fdaf4646689fd24"
url = "https://github.com/s0undt3ch/ToolR/releases/download/v0.26.0/toolr-0.26.0-x86_64-apple-darwin.tar.gz"
url_api = "https://api.github.com/repos/s0undt3ch/ToolR/releases/assets/477718827"
provenance = "github-attestations"

[tools."aqua:s0undt3ch/ToolR"."platforms.windows-x64"]
checksum = "sha256:cc0c481d019a9871ae125c028de599e6ec6ed3e4f07dc7dddd027015e0e12cff"
url = "https://github.com/s0undt3ch/ToolR/releases/download/v0.26.0/toolr-0.26.0-x86_64-pc-windows-msvc.zip"
url_api = "https://api.github.com/repos/s0undt3ch/ToolR/releases/assets/477718821"
provenance = "github-attestations"

[[tools."cargo:cargo-edit"]]
version = "0.13.11"
backend = "cargo:cargo-edit"

[[tools.gh]]
version = "2.96.0"
backend = "aqua:cli/cli"

[tools.gh."platforms.linux-arm64"]
checksum = "sha256:06f86ec7103d41993b76cd78072f43595c34aaa56506d971d9860e67140bf909"
url = "https://github.com/cli/cli/releases/download/v2.96.0/gh_2.96.0_linux_arm64.tar.gz"
url_api = "https://api.github.com/repos/cli/cli/releases/assets/464728549"
provenance = "github-attestations"

[tools.gh."platforms.linux-arm64-musl"]
checksum = "sha256:06f86ec7103d41993b76cd78072f43595c34aaa56506d971d9860e67140bf909"
url = "https://github.com/cli/cli/releases/download/v2.96.0/gh_2.96.0_linux_arm64.tar.gz"
url_api = "https://api.github.com/repos/cli/cli/releases/assets/464728549"
provenance = "github-attestations"

[tools.gh."platforms.linux-x64"]
checksum = "sha256:83d5c2ccad5498f58bf6368acb1ab32588cf43ab3a4b1c301bf36328b1c8bd60"
url = "https://github.com/cli/cli/releases/download/v2.96.0/gh_2.96.0_linux_amd64.tar.gz"
url_api = "https://api.github.com/repos/cli/cli/releases/assets/464728543"
provenance = "github-attestations"

[tools.gh."platforms.linux-x64-musl"]
checksum = "sha256:83d5c2ccad5498f58bf6368acb1ab32588cf43ab3a4b1c301bf36328b1c8bd60"
url = "https://github.com/cli/cli/releases/download/v2.96.0/gh_2.96.0_linux_amd64.tar.gz"
url_api = "https://api.github.com/repos/cli/cli/releases/assets/464728543"
provenance = "github-attestations"

[tools.gh."platforms.macos-arm64"]
checksum = "sha256:f23a0c37d963aacc3bed703ccbd59b41c5ca22101fab7f00eb2b7cad23aba463"
url = "https://github.com/cli/cli/releases/download/v2.96.0/gh_2.96.0_macOS_arm64.zip"
url_api = "https://api.github.com/repos/cli/cli/releases/assets/464728562"
provenance = "github-attestations"

[tools.gh."platforms.macos-x64"]
checksum = "sha256:4bd449df9ad639391bc62b8032546f0fe9edcd8526e06682a4f88abd8c5d163c"
url = "https://github.com/cli/cli/releases/download/v2.96.0/gh_2.96.0_macOS_amd64.zip"
url_api = "https://api.github.com/repos/cli/cli/releases/assets/464728560"
provenance = "github-attestations"

[tools.gh."platforms.windows-x64"]
checksum = "sha256:c2d6acc935cd2f00e2144d7e036d5cd82e6b6bd5594e8c75aa75ef2a4ed6aac3"
url = "https://github.com/cli/cli/releases/download/v2.96.0/gh_2.96.0_windows_amd64.zip"
url_api = "https://api.github.com/repos/cli/cli/releases/assets/464728577"
provenance = "github-attestations"

[[tools.gitleaks]]
version = "8.30.1"
backend = "aqua:gitleaks/gitleaks"

[tools.gitleaks."platforms.linux-arm64"]
checksum = "sha256:e4a487ee7ccd7d3a7f7ec08657610aa3606637dab924210b3aee62570fb4b080"
url = "https://github.com/gitleaks/gitleaks/releases/download/v8.30.1/gitleaks_8.30.1_linux_arm64.tar.gz"

[tools.gitleaks."platforms.linux-arm64-musl"]
checksum = "sha256:e4a487ee7ccd7d3a7f7ec08657610aa3606637dab924210b3aee62570fb4b080"
url = "https://github.com/gitleaks/gitleaks/releases/download/v8.30.1/gitleaks_8.30.1_linux_arm64.tar.gz"

[tools.gitleaks."platforms.linux-x64"]
checksum = "sha256:551f6fc83ea457d62a0d98237cbad105af8d557003051f41f3e7ca7b3f2470eb"
url = "https://github.com/gitleaks/gitleaks/releases/download/v8.30.1/gitleaks_8.30.1_linux_x64.tar.gz"

[tools.gitleaks."platforms.linux-x64-musl"]
checksum = "sha256:551f6fc83ea457d62a0d98237cbad105af8d557003051f41f3e7ca7b3f2470eb"
url = "https://github.com/gitleaks/gitleaks/releases/download/v8.30.1/gitleaks_8.30.1_linux_x64.tar.gz"

[tools.gitleaks."platforms.macos-arm64"]
checksum = "sha256:b40ab0ae55c505963e365f271a8d3846efbc170aa17f2607f13df610a9aeb6a5"
url = "https://github.com/gitleaks/gitleaks/releases/download/v8.30.1/gitleaks_8.30.1_darwin_arm64.tar.gz"

[tools.gitleaks."platforms.macos-x64"]
checksum = "sha256:dfe101a4db2255fc85120ac7f3d25e4342c3c20cf749f2c20a18081af1952709"
url = "https://github.com/gitleaks/gitleaks/releases/download/v8.30.1/gitleaks_8.30.1_darwin_x64.tar.gz"

[tools.gitleaks."platforms.windows-x64"]
checksum = "sha256:d29144deff3a68aa93ced33dddf84b7fdc26070add4aa0f4513094c8332afc4e"
url = "https://github.com/gitleaks/gitleaks/releases/download/v8.30.1/gitleaks_8.30.1_windows_x64.zip"

[[tools.prek]]
version = "0.4.10"
backend = "aqua:j178/prek"

[tools.prek."platforms.linux-arm64"]
checksum = "sha256:9e743f493f681e84b94e65bec1199d992643f0bf4ce0929880298b3b4747989e"
url = "https://github.com/j178/prek/releases/download/v0.4.10/prek-aarch64-unknown-linux-musl.tar.gz"
url_api = "https://api.github.com/repos/j178/prek/releases/assets/479037984"
provenance = "github-attestations"

[tools.prek."platforms.linux-arm64-musl"]
checksum = "sha256:9e743f493f681e84b94e65bec1199d992643f0bf4ce0929880298b3b4747989e"
url = "https://github.com/j178/prek/releases/download/v0.4.10/prek-aarch64-unknown-linux-musl.tar.gz"
url_api = "https://api.github.com/repos/j178/prek/releases/assets/479037984"
provenance = "github-attestations"

[tools.prek."platforms.linux-x64"]
checksum = "sha256:d31168fcbfe9921ad63572dc7ddbee07be5d5d6befe11e6e7397e3861a4edd49"
url = "https://github.com/j178/prek/releases/download/v0.4.10/prek-x86_64-unknown-linux-musl.tar.gz"
url_api = "https://api.github.com/repos/j178/prek/releases/assets/479038034"
provenance = "github-attestations"

[tools.prek."platforms.linux-x64-musl"]
checksum = "sha256:d31168fcbfe9921ad63572dc7ddbee07be5d5d6befe11e6e7397e3861a4edd49"
url = "https://github.com/j178/prek/releases/download/v0.4.10/prek-x86_64-unknown-linux-musl.tar.gz"
url_api = "https://api.github.com/repos/j178/prek/releases/assets/479038034"
provenance = "github-attestations"

[tools.prek."platforms.macos-arm64"]
checksum = "sha256:b2be74cd80bc86f679d92ae368d154ce391e4ef9891dc54447976b92df7951f1"
url = "https://github.com/j178/prek/releases/download/v0.4.10/prek-aarch64-apple-darwin.tar.gz"
url_api = "https://api.github.com/repos/j178/prek/releases/assets/479037973"
provenance = "github-attestations"

[tools.prek."platforms.macos-x64"]
checksum = "sha256:ae0e42f5aec02898531d6b3b7dca97967a5d128cba8df34bc2a586742e2d847d"
url = "https://github.com/j178/prek/releases/download/v0.4.10/prek-x86_64-apple-darwin.tar.gz"
url_api = "https://api.github.com/repos/j178/prek/releases/assets/479038023"
provenance = "github-attestations"

[tools.prek."platforms.windows-x64"]
checksum = "sha256:872d1c5ac32efce01e93821e790dedc8c055b499f524f1250270679562bf3792"
url = "https://github.com/j178/prek/releases/download/v0.4.10/prek-x86_64-pc-windows-msvc.zip"
url_api = "https://api.github.com/repos/j178/prek/releases/assets/479038029"
provenance = "github-attestations"

[[tools.python]]
version = "3.11.15"
backend = "core:python"

[tools.python."platforms.linux-arm64"]
checksum = "sha256:d42df045860a70cc94b2752e98874876190198f24f3e16f83f3ec5ad2d696d31"
url = "https://github.com/astral-sh/python-build-standalone/releases/download/20260718/cpython-3.11.15+20260718-aarch64-unknown-linux-gnu-install_only_stripped.tar.gz"
provenance = "github-attestations"

[tools.python."platforms.linux-arm64-musl"]
checksum = "sha256:6088bd69eba46b6e4b1348009dbcdc1b0b37ee79581ef418eb80dd2b83dc27e6"
url = "https://github.com/astral-sh/python-build-standalone/releases/download/20260718/cpython-3.11.15+20260718-aarch64-unknown-linux-musl-install_only_stripped.tar.gz"
provenance = "github-attestations"

[tools.python."platforms.linux-x64"]
checksum = "sha256:23ccae6f1ff73e8aa8378436f869da003b8eb7d6c95f2bc706f494115ba1447d"
url = "https://github.com/astral-sh/python-build-standalone/releases/download/20260718/cpython-3.11.15+20260718-x86_64-unknown-linux-gnu-install_only_stripped.tar.gz"
provenance = "github-attestations"

[tools.python."platforms.linux-x64-musl"]
checksum = "sha256:25274e15b6bca467e7950e7cbf2f733cc4bce24c3ca3243e730286d6cf7a122d"
url = "https://github.com/astral-sh/python-build-standalone/releases/download/20260718/cpython-3.11.15+20260718-x86_64-unknown-linux-musl-install_only_stripped.tar.gz"
provenance = "github-attestations"

[tools.python."platforms.macos-arm64"]
checksum = "sha256:b21dbc3f3e01932fcc3f0f4c51e5a7ef61888cb454d23eee6e8207c6f52d0b04"
url = "https://github.com/astral-sh/python-build-standalone/releases/download/20260718/cpython-3.11.15+20260718-aarch64-apple-darwin-install_only_stripped.tar.gz"
provenance = "github-attestations"

[tools.python."platforms.macos-x64"]
checksum = "sha256:8ca3906ed23f4a8ab4ff8f02d61b15ecf62e6fa8b312cd59d1692df34e834a65"
url = "https://github.com/astral-sh/python-build-standalone/releases/download/20260718/cpython-3.11.15+20260718-x86_64-apple-darwin-install_only_stripped.tar.gz"
provenance = "github-attestations"

[tools.python."platforms.windows-x64"]
checksum = "sha256:a48c2dbe832319f61aa8557c9900caec70f7fed0cbee391a4c9ff9f98b50222d"
url = "https://github.com/astral-sh/python-build-standalone/releases/download/20260718/cpython-3.11.15+20260718-x86_64-pc-windows-msvc-install_only_stripped.tar.gz"
provenance = "github-attestations"

[[tools.python]]
version = "3.12.13"
backend = "core:python"

[tools.python."platforms.linux-arm64"]
checksum = "sha256:f226576b91491ffa5739aa85726521e9031f4d87f80627d64ed348ac77cb31e9"
url = "https://github.com/astral-sh/python-build-standalone/releases/download/20260718/cpython-3.12.13+20260718-aarch64-unknown-linux-gnu-install_only_stripped.tar.gz"
provenance = "github-attestations"

[tools.python."platforms.linux-arm64-musl"]
checksum = "sha256:55ee512cae752b6a8b04e598923d888311e2ed60e3307a33306ef1ab0f003ae9"
url = "https://github.com/astral-sh/python-build-standalone/releases/download/20260718/cpython-3.12.13+20260718-aarch64-unknown-linux-musl-install_only_stripped.tar.gz"
provenance = "github-attestations"

[tools.python."platforms.linux-x64"]
checksum = "sha256:5854aa6ec71cad00334d5065633c210b2e7feb40956767a59a91791cadcf0b79"
url = "https://github.com/astral-sh/python-build-standalone/releases/download/20260718/cpython-3.12.13+20260718-x86_64-unknown-linux-gnu-install_only_stripped.tar.gz"
provenance = "github-attestations"

[tools.python."platforms.linux-x64-musl"]
checksum = "sha256:d62168126b2d92e5db649cfe89fb13bf165654c027707c0ef80d7823757c9b1d"
url = "https://github.com/astral-sh/python-build-standalone/releases/download/20260718/cpython-3.12.13+20260718-x86_64-unknown-linux-musl-install_only_stripped.tar.gz"
provenance = "github-attestations"

[tools.python."platforms.macos-arm64"]
checksum = "sha256:9a1e9e06175c10efd8378b904b07fa21bd791ab3345d7cdffeb4a76c9ff55903"
url = "https://github.com/astral-sh/python-build-standalone/releases/download/20260718/cpython-3.12.13+20260718-aarch64-apple-darwin-install_only_stripped.tar.gz"
provenance = "github-attestations"

[tools.python."platforms.macos-x64"]
checksum = "sha256:8e6b7e6533bdf746287008edf91102e7bee0a6ca1d24f16c4514237cafd706c5"
url = "https://github.com/astral-sh/python-build-standalone/releases/download/20260718/cpython-3.12.13+20260718-x86_64-apple-darwin-install_only_stripped.tar.gz"
provenance = "github-attestations"

[tools.python."platforms.windows-x64"]
checksum = "sha256:0d422a1439ec308e03f47df551bc30f5994727c456e414b026d202bcda9b7c1c"
url = "https://github.com/astral-sh/python-build-standalone/releases/download/20260718/cpython-3.12.13+20260718-x86_64-pc-windows-msvc-install_only_stripped.tar.gz"
provenance = "github-attestations"

[[tools.python]]
version = "3.13.14"
backend = "core:python"

[tools.python."platforms.linux-arm64"]
checksum = "sha256:8d5ac68458a4df9bc3c349d607da2674d8390ad26162482b17215563e45aca83"
url = "https://github.com/astral-sh/python-build-standalone/releases/download/20260718/cpython-3.13.14+20260718-aarch64-unknown-linux-gnu-install_only_stripped.tar.gz"
provenance = "github-attestations"

[tools.python."platforms.linux-arm64-musl"]
checksum = "sha256:4d43ada1f37d09c118b4a205b5baafd03bac279b07cdedd382aa1a4367f8c15f"
url = "https://github.com/astral-sh/python-build-standalone/releases/download/20260718/cpython-3.13.14+20260718-aarch64-unknown-linux-musl-install_only_stripped.tar.gz"
provenance = "github-attestations"

[tools.python."platforms.linux-x64"]
checksum = "sha256:571a710c62520b26dbadbd16e8850e24565c01dea94440223bc16caa21614021"
url = "https://github.com/astral-sh/python-build-standalone/releases/download/20260718/cpython-3.13.14+20260718-x86_64-unknown-linux-gnu-install_only_stripped.tar.gz"
provenance = "github-attestations"

[tools.python."platforms.linux-x64-musl"]
checksum = "sha256:0dbfe4b9c043f81a60953245a2735594f6b09308031086ceac15511f4c0af193"
url = "https://github.com/astral-sh/python-build-standalone/releases/download/20260718/cpython-3.13.14+20260718-x86_64-unknown-linux-musl-install_only_stripped.tar.gz"
provenance = "github-attestations"

[tools.python."platforms.macos-arm64"]
checksum = "sha256:06469835e1b0f73bcdb6c498a1d60ce579cc43a980754490a6f1e30062f43850"
url = "https://github.com/astral-sh/python-build-standalone/releases/download/20260718/cpython-3.13.14+20260718-aarch64-apple-darwin-install_only_stripped.tar.gz"
provenance = "github-attestations"

[tools.python."platforms.macos-x64"]
checksum = "sha256:93ec3863e3265ed87382a9216d2e973b47ab7ef330b496c0249bfc2bfc164cee"
url = "https://github.com/astral-sh/python-build-standalone/releases/download/20260718/cpython-3.13.14+20260718-x86_64-apple-darwin-install_only_stripped.tar.gz"
provenance = "github-attestations"

[tools.python."platforms.windows-x64"]
checksum = "sha256:91ea0cd883295458fa766eae36241df3ecc21f7029814189707d54b450e55c69"
url = "https://github.com/astral-sh/python-build-standalone/releases/download/20260718/cpython-3.13.14+20260718-x86_64-pc-windows-msvc-install_only_stripped.tar.gz"
provenance = "github-attestations"

[[tools.python]]
version = "3.14.6"
backend = "core:python"

[tools.python."platforms.linux-arm64"]
checksum = "sha256:c2a2caa03aa9beb77a5bbb5a009c8fe77b96a56925da2dba18095237e30faf04"
url = "https://github.com/astral-sh/python-build-standalone/releases/download/20260718/cpython-3.14.6+20260718-aarch64-unknown-linux-gnu-install_only_stripped.tar.gz"
provenance = "github-attestations"

[tools.python."platforms.linux-arm64-musl"]
checksum = "sha256:ff7da86be2a3d7fdf0124da7b408ad2de3c7ca8d6c19e6c449ec2cddedd01a8b"
url = "https://github.com/astral-sh/python-build-standalone/releases/download/20260718/cpython-3.14.6+20260718-aarch64-unknown-linux-musl-install_only_stripped.tar.gz"
provenance = "github-attestations"

[tools.python."platforms.linux-x64"]
checksum = "sha256:86bf107f65fc30b56f2b263b26797fcbb1661f5315910cdbf27f733eb8738b74"
url = "https://github.com/astral-sh/python-build-standalone/releases/download/20260718/cpython-3.14.6+20260718-x86_64-unknown-linux-gnu-install_only_stripped.tar.gz"
provenance = "github-attestations"

[tools.python."platforms.linux-x64-musl"]
checksum = "sha256:2c27fc15bde497fbd78a8d5d38559ee1a8c93110952d5c2b390bc6481e2be415"
url = "https://github.com/astral-sh/python-build-standalone/releases/download/20260718/cpython-3.14.6+20260718-x86_64-unknown-linux-musl-install_only_stripped.tar.gz"
provenance = "github-attestations"

[tools.python."platforms.macos-arm64"]
checksum = "sha256:5e8e0746cb0108d138f510cfbb28c4b031b9ed63bbbe3e43a34c77d4663c4fa1"
url = "https://github.com/astral-sh/python-build-standalone/releases/download/20260718/cpython-3.14.6+20260718-aarch64-apple-darwin-install_only_stripped.tar.gz"
provenance = "github-attestations"

[tools.python."platforms.macos-x64"]
checksum = "sha256:2d03154bc83c6d2d048bba23bb808b020e352028f5bd541a740e54467fc9cc75"
url = "https://github.com/astral-sh/python-build-standalone/releases/download/20260718/cpython-3.14.6+20260718-x86_64-apple-darwin-install_only_stripped.tar.gz"
provenance = "github-attestations"

[tools.python."platforms.windows-x64"]
checksum = "sha256:0c5c9f231704fb49149bc8f2b9d9dbe43eeaf6c54f362ef0fc2066ce64b4d10f"
url = "https://github.com/astral-sh/python-build-standalone/releases/download/20260718/cpython-3.14.6+20260718-x86_64-pc-windows-msvc-install_only_stripped.tar.gz"
provenance = "github-attestations"

[[tools.ruff]]
version = "0.15.22"
backend = "aqua:astral-sh/ruff"

[tools.ruff."platforms.linux-arm64"]
checksum = "sha256:88feb2dc2fafb92482185201f4d483134fbaab10370c79512d3dd372f1d3f28b"
url = "https://github.com/astral-sh/ruff/releases/download/0.15.22/ruff-aarch64-unknown-linux-musl.tar.gz"
url_api = "https://api.github.com/repos/astral-sh/ruff/releases/assets/479313917"
provenance = "github-attestations"

[tools.ruff."platforms.linux-arm64-musl"]
checksum = "sha256:88feb2dc2fafb92482185201f4d483134fbaab10370c79512d3dd372f1d3f28b"
url = "https://github.com/astral-sh/ruff/releases/download/0.15.22/ruff-aarch64-unknown-linux-musl.tar.gz"
url_api = "https://api.github.com/repos/astral-sh/ruff/releases/assets/479313917"
provenance = "github-attestations"

[tools.ruff."platforms.linux-x64"]
checksum = "sha256:853462df618fb9f156a9f04d9d899d9e5a9e1a43fbffaec72df4bb159348e71b"
url = "https://github.com/astral-sh/ruff/releases/download/0.15.22/ruff-x86_64-unknown-linux-musl.tar.gz"
url_api = "https://api.github.com/repos/astral-sh/ruff/releases/assets/479314045"
provenance = "github-attestations"

[tools.ruff."platforms.linux-x64-musl"]
checksum = "sha256:853462df618fb9f156a9f04d9d899d9e5a9e1a43fbffaec72df4bb159348e71b"
url = "https://github.com/astral-sh/ruff/releases/download/0.15.22/ruff-x86_64-unknown-linux-musl.tar.gz"
url_api = "https://api.github.com/repos/astral-sh/ruff/releases/assets/479314045"
provenance = "github-attestations"

[tools.ruff."platforms.macos-arm64"]
checksum = "sha256:a2881af26fd1d19f4932c4ddf1e70b4e0efcf48513c5dae082564e03f0b467a3"
url = "https://github.com/astral-sh/ruff/releases/download/0.15.22/ruff-aarch64-apple-darwin.tar.gz"
url_api = "https://api.github.com/repos/astral-sh/ruff/releases/assets/479313898"
provenance = "github-attestations"

[tools.ruff."platforms.macos-x64"]
checksum = "sha256:687a9ceb88ab85dab061026d5017218225a481121b1a40862cc8f92b56f18090"
url = "https://github.com/astral-sh/ruff/releases/download/0.15.22/ruff-x86_64-apple-darwin.tar.gz"
url_api = "https://api.github.com/repos/astral-sh/ruff/releases/assets/479314007"
provenance = "github-attestations"

[tools.ruff."platforms.windows-x64"]
checksum = "sha256:6e5419593984941405e9add902e89c6ea4af87d97919ac5ef82e1bc4e43bbd8d"
url = "https://github.com/astral-sh/ruff/releases/download/0.15.22/ruff-x86_64-pc-windows-msvc.zip"
url_api = "https://api.github.com/repos/astral-sh/ruff/releases/assets/479314019"
provenance = "github-attestations"

[[tools.rumdl]]
version = "v0.2.40"
backend = "aqua:rvben/rumdl"

[tools.rumdl."platforms.linux-arm64"]
checksum = "sha256:545cdc814ee2492dd5fee0994dc8ec5e5c9d44b53774f895492b61b98b4361ba"
url = "https://github.com/rvben/rumdl/releases/download/v0.2.40/rumdl-v0.2.40-aarch64-unknown-linux-musl.tar.gz"
url_api = "https://api.github.com/repos/rvben/rumdl/releases/assets/485787534"
provenance = "github-attestations"

[tools.rumdl."platforms.linux-arm64-musl"]
checksum = "sha256:545cdc814ee2492dd5fee0994dc8ec5e5c9d44b53774f895492b61b98b4361ba"
url = "https://github.com/rvben/rumdl/releases/download/v0.2.40/rumdl-v0.2.40-aarch64-unknown-linux-musl.tar.gz"
url_api = "https://api.github.com/repos/rvben/rumdl/releases/assets/485787534"
provenance = "github-attestations"

[tools.rumdl."platforms.linux-x64"]
checksum = "sha256:959df95c5e5ebe47b2c6917f12248c4bee85ad42ac8506eb4cb7db1f0be1394e"
url = "https://github.com/rvben/rumdl/releases/download/v0.2.40/rumdl-v0.2.40-x86_64-unknown-linux-musl.tar.gz"
url_api = "https://api.github.com/repos/rvben/rumdl/releases/assets/485787533"
provenance = "github-attestations"

[tools.rumdl."platforms.linux-x64-musl"]
checksum = "sha256:959df95c5e5ebe47b2c6917f12248c4bee85ad42ac8506eb4cb7db1f0be1394e"
url = "https://github.com/rvben/rumdl/releases/download/v0.2.40/rumdl-v0.2.40-x86_64-unknown-linux-musl.tar.gz"
url_api = "https://api.github.com/repos/rvben/rumdl/releases/assets/485787533"
provenance = "github-attestations"

[tools.rumdl."platforms.macos-arm64"]
checksum = "sha256:91b099ce0a28089e551465b20c0513f4102a0a714c01f30b08d6dd18950ded26"
url = "https://github.com/rvben/rumdl/releases/download/v0.2.40/rumdl-v0.2.40-aarch64-apple-darwin.tar.gz"
url_api = "https://api.github.com/repos/rvben/rumdl/releases/assets/485787530"
provenance = "github-attestations"

[tools.rumdl."platforms.macos-x64"]
checksum = "sha256:b4def412e8126f49d3654ef4e9d71ab853b8a0f5c402533854d972382a7c531e"
url = "https://github.com/rvben/rumdl/releases/download/v0.2.40/rumdl-v0.2.40-x86_64-apple-darwin.tar.gz"
url_api = "https://api.github.com/repos/rvben/rumdl/releases/assets/485787536"
provenance = "github-attestations"

[tools.rumdl."platforms.windows-x64"]
checksum = "sha256:920a35d71acd10903d2b7e1a7aed420aca9a0fabd34b05a5b4b2bbf8cb6b9201"
url = "https://github.com/rvben/rumdl/releases/download/v0.2.40/rumdl-v0.2.40-x86_64-pc-windows-msvc.zip"
url_api = "https://api.github.com/repos/rvben/rumdl/releases/assets/485787540"
provenance = "github-attestations"

[[tools.rust]]
version = "1.96.1"
backend = "core:rust"

[tools.rust.options]
components = "clippy,rustfmt"
profile = "minimal"

[[tools.shellcheck]]
version = "0.11.0"
backend = "aqua:koalaman/shellcheck"

[tools.shellcheck."platforms.linux-arm64"]
checksum = "sha256:12b331c1d2db6b9eb13cfca64306b1b157a86eb69db83023e261eaa7e7c14588"
url = "https://github.com/koalaman/shellcheck/releases/download/v0.11.0/shellcheck-v0.11.0.linux.aarch64.tar.xz"

[tools.shellcheck."platforms.linux-arm64-musl"]
checksum = "sha256:12b331c1d2db6b9eb13cfca64306b1b157a86eb69db83023e261eaa7e7c14588"
url = "https://github.com/koalaman/shellcheck/releases/download/v0.11.0/shellcheck-v0.11.0.linux.aarch64.tar.xz"

[tools.shellcheck."platforms.linux-x64"]
checksum = "sha256:8c3be12b05d5c177a04c29e3c78ce89ac86f1595681cab149b65b97c4e227198"
url = "https://github.com/koalaman/shellcheck/releases/download/v0.11.0/shellcheck-v0.11.0.linux.x86_64.tar.xz"

[tools.shellcheck."platforms.linux-x64-musl"]
checksum = "sha256:8c3be12b05d5c177a04c29e3c78ce89ac86f1595681cab149b65b97c4e227198"
url = "https://github.com/koalaman/shellcheck/releases/download/v0.11.0/shellcheck-v0.11.0.linux.x86_64.tar.xz"

[tools.shellcheck."platforms.macos-arm64"]
checksum = "sha256:56affdd8de5527894dca6dc3d7e0a99a873b0f004d7aabc30ae407d3f48b0a79"
url = "https://github.com/koalaman/shellcheck/releases/download/v0.11.0/shellcheck-v0.11.0.darwin.aarch64.tar.xz"

[tools.shellcheck."platforms.macos-x64"]
checksum = "sha256:3c89db4edcab7cf1c27bff178882e0f6f27f7afdf54e859fa041fca10febe4c6"
url = "https://github.com/koalaman/shellcheck/releases/download/v0.11.0/shellcheck-v0.11.0.darwin.x86_64.tar.xz"

[tools.shellcheck."platforms.windows-x64"]
checksum = "sha256:8a4e35ab0b331c85d73567b12f2a444df187f483e5079ceffa6bda1faa2e740e"
url = "https://github.com/koalaman/shellcheck/releases/download/v0.11.0/shellcheck-v0.11.0.zip"

[[tools.typos]]
version = "1.48.0"
backend = "aqua:crate-ci/typos"

[tools.typos."platforms.linux-arm64"]
checksum = "sha256:2960ae07bc1ffe19e4895e4359394dd349c9c31de78aac3a124b6e4aeb206698"
url = "https://github.com/crate-ci/typos/releases/download/v1.48.0/typos-v1.48.0-aarch64-unknown-linux-musl.tar.gz"
url_api = "https://api.github.com/repos/crate-ci/typos/releases/assets/462429655"

[tools.typos."platforms.linux-arm64-musl"]
checksum = "sha256:2960ae07bc1ffe19e4895e4359394dd349c9c31de78aac3a124b6e4aeb206698"
url = "https://github.com/crate-ci/typos/releases/download/v1.48.0/typos-v1.48.0-aarch64-unknown-linux-musl.tar.gz"
url_api = "https://api.github.com/repos/crate-ci/typos/releases/assets/462429655"

[tools.typos."platforms.linux-x64"]
checksum = "sha256:72a930c9a94fc3914aa56835c5b859c892a797d40c1c42638b98d93f16ff519c"
url = "https://github.com/crate-ci/typos/releases/download/v1.48.0/typos-v1.48.0-x86_64-unknown-linux-musl.tar.gz"
url_api = "https://api.github.com/repos/crate-ci/typos/releases/assets/462429902"

[tools.typos."platforms.linux-x64-musl"]
checksum = "sha256:72a930c9a94fc3914aa56835c5b859c892a797d40c1c42638b98d93f16ff519c"
url = "https://github.com/crate-ci/typos/releases/download/v1.48.0/typos-v1.48.0-x86_64-unknown-linux-musl.tar.gz"
url_api = "https://api.github.com/repos/crate-ci/typos/releases/assets/462429902"

[tools.typos."platforms.macos-arm64"]
checksum = "sha256:7dcaf386ec255995dcbaf629641f961574b7e8785203921115eab75cbf1ca107"
url = "https://github.com/crate-ci/typos/releases/download/v1.48.0/typos-v1.48.0-aarch64-apple-darwin.tar.gz"
url_api = "https://api.github.com/repos/crate-ci/typos/releases/assets/462430254"

[tools.typos."platforms.macos-x64"]
checksum = "sha256:f4335c255db3d57374484e0e96505c8910c0e2fa6d8813b15de529c98f93b1a9"
url = "https://github.com/crate-ci/typos/releases/download/v1.48.0/typos-v1.48.0-x86_64-apple-darwin.tar.gz"
url_api = "https://api.github.com/repos/crate-ci/typos/releases/assets/462431306"

[tools.typos."platforms.windows-x64"]
checksum = "sha256:ce018a2352da7c1b23bd2684019ee279d2080dc063087020e80c1247d11b0743"
url = "https://github.com/crate-ci/typos/releases/download/v1.48.0/typos-v1.48.0-x86_64-pc-windows-msvc.zip"
url_api = "https://api.github.com/repos/crate-ci/typos/releases/assets/462430871"

[[tools.uv]]
version = "0.11.31"
backend = "aqua:astral-sh/uv"

[tools.uv."platforms.linux-arm64"]
checksum = "sha256:49cb5ffce40cc9c85355caa8104f7b61c40a8daac7334f4bc841cad1a7bb359e"
url = "https://github.com/astral-sh/uv/releases/download/0.11.31/uv-aarch64-unknown-linux-musl.tar.gz"
url_api = "https://api.github.com/repos/astral-sh/uv/releases/assets/485371019"
provenance = "github-attestations"

[tools.uv."platforms.linux-arm64-musl"]
checksum = "sha256:49cb5ffce40cc9c85355caa8104f7b61c40a8daac7334f4bc841cad1a7bb359e"
url = "https://github.com/astral-sh/uv/releases/download/0.11.31/uv-aarch64-unknown-linux-musl.tar.gz"
url_api = "https://api.github.com/repos/astral-sh/uv/releases/assets/485371019"
provenance = "github-attestations"

[tools.uv."platforms.linux-x64"]
checksum = "sha256:89048b7e30a6c459fa7e8f2e91cfdc413dc004dcbddc6c2af5e09df123e3246d"
url = "https://github.com/astral-sh/uv/releases/download/0.11.31/uv-x86_64-unknown-linux-musl.tar.gz"
url_api = "https://api.github.com/repos/astral-sh/uv/releases/assets/485371115"
provenance = "github-attestations"

[tools.uv."platforms.linux-x64-musl"]
checksum = "sha256:89048b7e30a6c459fa7e8f2e91cfdc413dc004dcbddc6c2af5e09df123e3246d"
url = "https://github.com/astral-sh/uv/releases/download/0.11.31/uv-x86_64-unknown-linux-musl.tar.gz"
url_api = "https://api.github.com/repos/astral-sh/uv/releases/assets/485371115"
provenance = "github-attestations"

[tools.uv."platforms.macos-arm64"]
checksum = "sha256:b2b93e82a6786f9c7cb89fd4ca0e859a147b292ae8f6f95784f9742f0efec39e"
url = "https://github.com/astral-sh/uv/releases/download/0.11.31/uv-aarch64-apple-darwin.tar.gz"
url_api = "https://api.github.com/repos/astral-sh/uv/releases/assets/485371001"
provenance = "github-attestations"

[tools.uv."platforms.macos-x64"]
checksum = "sha256:33ee6bd62b57fcd77a499deb54e4432dc1e1a2f3d34930ba987ad8b43f9c7bc7"
url = "https://github.com/astral-sh/uv/releases/download/0.11.31/uv-x86_64-apple-darwin.tar.gz"
url_api = "https://api.github.com/repos/astral-sh/uv/releases/assets/485371098"
provenance = "github-attestations"

[tools.uv."platforms.windows-x64"]
checksum = "sha256:410c2fd3126ff621c9450a21cfc200002c7540dc48d130069a8f619cdb0a811b"
url = "https://github.com/astral-sh/uv/releases/download/0.11.31/uv-x86_64-pc-windows-msvc.zip"
url_api = "https://api.github.com/repos/astral-sh/uv/releases/assets/485371099"
provenance = "github-attestations"
