# @generated - this file is auto-generated by `mise lock` https://mise.en.dev/dev-tools/mise-lock.html

[[tools.actionlint]]
version = "1.7.12"
backend = "aqua:rhysd/actionlint"

[tools.actionlint."platforms.linux-arm64"]
checksum = "sha256:325e971b6ba9bfa504672e29be93c24981eeb1c07576d730e9f7c8805afff0c6"
url = "https://github.com/rhysd/actionlint/releases/download/v1.7.12/actionlint_1.7.12_linux_arm64.tar.gz"
url_api = "https://api.github.com/repos/rhysd/actionlint/releases/assets/384924897"
provenance = "github-attestations"

[tools.actionlint."platforms.linux-arm64-musl"]
checksum = "sha256:325e971b6ba9bfa504672e29be93c24981eeb1c07576d730e9f7c8805afff0c6"
url = "https://github.com/rhysd/actionlint/releases/download/v1.7.12/actionlint_1.7.12_linux_arm64.tar.gz"
url_api = "https://api.github.com/repos/rhysd/actionlint/releases/assets/384924897"
provenance = "github-attestations"

[tools.actionlint."platforms.linux-x64"]
checksum = "sha256:8aca8db96f1b94770f1b0d72b6dddcb1ebb8123cb3712530b08cc387b349a3d8"
url = "https://github.com/rhysd/actionlint/releases/download/v1.7.12/actionlint_1.7.12_linux_amd64.tar.gz"
url_api = "https://api.github.com/repos/rhysd/actionlint/releases/assets/384924896"
provenance = "github-attestations"

[tools.actionlint."platforms.linux-x64-musl"]
checksum = "sha256:8aca8db96f1b94770f1b0d72b6dddcb1ebb8123cb3712530b08cc387b349a3d8"
url = "https://github.com/rhysd/actionlint/releases/download/v1.7.12/actionlint_1.7.12_linux_amd64.tar.gz"
url_api = "https://api.github.com/repos/rhysd/actionlint/releases/assets/384924896"
provenance = "github-attestations"

[tools.actionlint."platforms.macos-arm64"]
checksum = "sha256:aba9ced2dee8d27fecca3dc7feb1a7f9a52caefa1eb46f3271ea66b6e0e6953f"
url = "https://github.com/rhysd/actionlint/releases/download/v1.7.12/actionlint_1.7.12_darwin_arm64.tar.gz"
url_api = "https://api.github.com/repos/rhysd/actionlint/releases/assets/384924893"
provenance = "github-attestations"

[tools.actionlint."platforms.macos-x64"]
checksum = "sha256:5b44c3bc2255115c9b69e30efc0fecdf498fdb63c5d58e17084fd5f16324c644"
url = "https://github.com/rhysd/actionlint/releases/download/v1.7.12/actionlint_1.7.12_darwin_amd64.tar.gz"
url_api = "https://api.github.com/repos/rhysd/actionlint/releases/assets/384924880"
provenance = "github-attestations"

[tools.actionlint."platforms.windows-x64"]
checksum = "sha256:6e7241b51e6817ea6a047693d8e6fed13b31819c9a0dd6c5a726e1592d22f6e9"
url = "https://github.com/rhysd/actionlint/releases/download/v1.7.12/actionlint_1.7.12_windows_amd64.zip"
url_api = "https://api.github.com/repos/rhysd/actionlint/releases/assets/384924919"
provenance = "github-attestations"

[[tools."aqua:s0undt3ch/ToolR"]]
version = "0.27.0"
backend = "aqua:s0undt3ch/ToolR"

[tools."aqua:s0undt3ch/ToolR"."platforms.linux-arm64"]
checksum = "sha256:c7078d223f2fd354cdd93541cea275ea548e04ff73432b71b63605471783ac8d"
url = "https://github.com/s0undt3ch/ToolR/releases/download/v0.27.0/toolr-0.27.0-aarch64-unknown-linux-musl.tar.gz"
url_api = "https://api.github.com/repos/s0undt3ch/ToolR/releases/assets/502770616"
provenance = "github-attestations"

[tools."aqua:s0undt3ch/ToolR"."platforms.linux-arm64-musl"]
checksum = "sha256:c7078d223f2fd354cdd93541cea275ea548e04ff73432b71b63605471783ac8d"
url = "https://github.com/s0undt3ch/ToolR/releases/download/v0.27.0/toolr-0.27.0-aarch64-unknown-linux-musl.tar.gz"
url_api = "https://api.github.com/repos/s0undt3ch/ToolR/releases/assets/502770616"
provenance = "github-attestations"

[tools."aqua:s0undt3ch/ToolR"."platforms.linux-x64"]
checksum = "sha256:2725b804355cfe18b14bf0d6302b9bb7841422cb4fb0f7ce9616b3d0f236bb92"
url = "https://github.com/s0undt3ch/ToolR/releases/download/v0.27.0/toolr-0.27.0-x86_64-unknown-linux-musl.tar.gz"
url_api = "https://api.github.com/repos/s0undt3ch/ToolR/releases/assets/502770621"
provenance = "github-attestations"

[tools."aqua:s0undt3ch/ToolR"."platforms.linux-x64-musl"]
checksum = "sha256:2725b804355cfe18b14bf0d6302b9bb7841422cb4fb0f7ce9616b3d0f236bb92"
url = "https://github.com/s0undt3ch/ToolR/releases/download/v0.27.0/toolr-0.27.0-x86_64-unknown-linux-musl.tar.gz"
url_api = "https://api.github.com/repos/s0undt3ch/ToolR/releases/assets/502770621"
provenance = "github-attestations"

[tools."aqua:s0undt3ch/ToolR"."platforms.macos-arm64"]
checksum = "sha256:43919780dab2b826cf6a2c9f8c19afc1dabd3a7fc9e75418d6ac540904a12979"
url = "https://github.com/s0undt3ch/ToolR/releases/download/v0.27.0/toolr-0.27.0-aarch64-apple-darwin.tar.gz"
url_api = "https://api.github.com/repos/s0undt3ch/ToolR/releases/assets/502770614"
provenance = "github-attestations"

[tools."aqua:s0undt3ch/ToolR"."platforms.macos-x64"]
checksum = "sha256:cc875234d37b7904e87d8a3723635f5506b5d51b8cc82864d2c77c0ec4d61874"
url = "https://github.com/s0undt3ch/ToolR/releases/download/v0.27.0/toolr-0.27.0-x86_64-apple-darwin.tar.gz"
url_api = "https://api.github.com/repos/s0undt3ch/ToolR/releases/assets/502770605"
provenance = "github-attestations"

[tools."aqua:s0undt3ch/ToolR"."platforms.windows-x64"]
checksum = "sha256:a0db38f54234f2433135eb5f6925eff17ff606d2418f0ccb7dee2a2b14d58426"
url = "https://github.com/s0undt3ch/ToolR/releases/download/v0.27.0/toolr-0.27.0-x86_64-pc-windows-msvc.zip"
url_api = "https://api.github.com/repos/s0undt3ch/ToolR/releases/assets/502770612"
provenance = "github-attestations"

[[tools."cargo:cargo-edit"]]
version = "0.13.13"
backend = "cargo:cargo-edit"

[[tools.gh]]
version = "2.97.0"
backend = "aqua:cli/cli"

[tools.gh."platforms.linux-arm64"]
checksum = "sha256:73ea440ecad9c9e284429997ee6f93577bc6f7bc6fba357ef62c53ad8fb641a5"
url = "https://github.com/cli/cli/releases/download/v2.97.0/gh_2.97.0_linux_arm64.tar.gz"
url_api = "https://api.github.com/repos/cli/cli/releases/assets/496108278"
provenance = "github-attestations"

[tools.gh."platforms.linux-arm64-musl"]
checksum = "sha256:73ea440ecad9c9e284429997ee6f93577bc6f7bc6fba357ef62c53ad8fb641a5"
url = "https://github.com/cli/cli/releases/download/v2.97.0/gh_2.97.0_linux_arm64.tar.gz"
url_api = "https://api.github.com/repos/cli/cli/releases/assets/496108278"
provenance = "github-attestations"

[tools.gh."platforms.linux-x64"]
checksum = "sha256:a2c9b8497e1f85b1ad0dfcb78b5a622e098801b8e461e459e88e1ee12f018112"
url = "https://github.com/cli/cli/releases/download/v2.97.0/gh_2.97.0_linux_amd64.tar.gz"
url_api = "https://api.github.com/repos/cli/cli/releases/assets/496108269"
provenance = "github-attestations"

[tools.gh."platforms.linux-x64-musl"]
checksum = "sha256:a2c9b8497e1f85b1ad0dfcb78b5a622e098801b8e461e459e88e1ee12f018112"
url = "https://github.com/cli/cli/releases/download/v2.97.0/gh_2.97.0_linux_amd64.tar.gz"
url_api = "https://api.github.com/repos/cli/cli/releases/assets/496108269"
provenance = "github-attestations"

[tools.gh."platforms.macos-arm64"]
checksum = "sha256:a58b8fd77b417a38f47a0b54d1370c59b0fcdb324ccc9ca002b0998f7c4c999e"
url = "https://github.com/cli/cli/releases/download/v2.97.0/gh_2.97.0_macOS_arm64.zip"
url_api = "https://api.github.com/repos/cli/cli/releases/assets/496108298"
provenance = "github-attestations"

[tools.gh."platforms.macos-x64"]
checksum = "sha256:63298c998cc2a924c9e254c6af6a1caad6ece281122687a91f079bc0a462700e"
url = "https://github.com/cli/cli/releases/download/v2.97.0/gh_2.97.0_macOS_amd64.zip"
url_api = "https://api.github.com/repos/cli/cli/releases/assets/496108300"
provenance = "github-attestations"

[tools.gh."platforms.windows-x64"]
checksum = "sha256:35d7fe05c4dd1411ffda1e73dfc7c6f44b75c936ca51fa6595c657fdc0350cec"
url = "https://github.com/cli/cli/releases/download/v2.97.0/gh_2.97.0_windows_amd64.zip"
url_api = "https://api.github.com/repos/cli/cli/releases/assets/496108319"
provenance = "github-attestations"

[[tools.gitleaks]]
version = "8.30.1"
backend = "aqua:gitleaks/gitleaks"

[tools.gitleaks."platforms.linux-arm64"]
checksum = "sha256:e4a487ee7ccd7d3a7f7ec08657610aa3606637dab924210b3aee62570fb4b080"
url = "https://github.com/gitleaks/gitleaks/releases/download/v8.30.1/gitleaks_8.30.1_linux_arm64.tar.gz"
url_api = "https://api.github.com/repos/gitleaks/gitleaks/releases/assets/378332057"

[tools.gitleaks."platforms.linux-arm64-musl"]
checksum = "sha256:e4a487ee7ccd7d3a7f7ec08657610aa3606637dab924210b3aee62570fb4b080"
url = "https://github.com/gitleaks/gitleaks/releases/download/v8.30.1/gitleaks_8.30.1_linux_arm64.tar.gz"
url_api = "https://api.github.com/repos/gitleaks/gitleaks/releases/assets/378332057"

[tools.gitleaks."platforms.linux-x64"]
checksum = "sha256:551f6fc83ea457d62a0d98237cbad105af8d557003051f41f3e7ca7b3f2470eb"
url = "https://github.com/gitleaks/gitleaks/releases/download/v8.30.1/gitleaks_8.30.1_linux_x64.tar.gz"
url_api = "https://api.github.com/repos/gitleaks/gitleaks/releases/assets/378332058"

[tools.gitleaks."platforms.linux-x64-musl"]
checksum = "sha256:551f6fc83ea457d62a0d98237cbad105af8d557003051f41f3e7ca7b3f2470eb"
url = "https://github.com/gitleaks/gitleaks/releases/download/v8.30.1/gitleaks_8.30.1_linux_x64.tar.gz"
url_api = "https://api.github.com/repos/gitleaks/gitleaks/releases/assets/378332058"

[tools.gitleaks."platforms.macos-arm64"]
checksum = "sha256:b40ab0ae55c505963e365f271a8d3846efbc170aa17f2607f13df610a9aeb6a5"
url = "https://github.com/gitleaks/gitleaks/releases/download/v8.30.1/gitleaks_8.30.1_darwin_arm64.tar.gz"
url_api = "https://api.github.com/repos/gitleaks/gitleaks/releases/assets/378332059"

[tools.gitleaks."platforms.macos-x64"]
checksum = "sha256:dfe101a4db2255fc85120ac7f3d25e4342c3c20cf749f2c20a18081af1952709"
url = "https://github.com/gitleaks/gitleaks/releases/download/v8.30.1/gitleaks_8.30.1_darwin_x64.tar.gz"
url_api = "https://api.github.com/repos/gitleaks/gitleaks/releases/assets/378332053"

[tools.gitleaks."platforms.windows-x64"]
checksum = "sha256:d29144deff3a68aa93ced33dddf84b7fdc26070add4aa0f4513094c8332afc4e"
url = "https://github.com/gitleaks/gitleaks/releases/download/v8.30.1/gitleaks_8.30.1_windows_x64.zip"
url_api = "https://api.github.com/repos/gitleaks/gitleaks/releases/assets/378333178"

[[tools.prek]]
version = "0.4.12"
backend = "aqua:j178/prek"

[tools.prek."platforms.linux-arm64"]
checksum = "sha256:f3be7601f991e05f161023d231198d966ea2afdb6bc6dd15d253d751674d6ab1"
url = "https://github.com/j178/prek/releases/download/v0.4.12/prek-aarch64-unknown-linux-musl.tar.gz"
url_api = "https://api.github.com/repos/j178/prek/releases/assets/499978731"
provenance = "github-attestations"

[tools.prek."platforms.linux-arm64-musl"]
checksum = "sha256:f3be7601f991e05f161023d231198d966ea2afdb6bc6dd15d253d751674d6ab1"
url = "https://github.com/j178/prek/releases/download/v0.4.12/prek-aarch64-unknown-linux-musl.tar.gz"
url_api = "https://api.github.com/repos/j178/prek/releases/assets/499978731"
provenance = "github-attestations"

[tools.prek."platforms.linux-x64"]
checksum = "sha256:3321ec6e4d873fbf41bef55d11b3f269fa91cbb87b19f18211df7c1bd061ac8a"
url = "https://github.com/j178/prek/releases/download/v0.4.12/prek-x86_64-unknown-linux-musl.tar.gz"
url_api = "https://api.github.com/repos/j178/prek/releases/assets/499978791"
provenance = "github-attestations"

[tools.prek."platforms.linux-x64-musl"]
checksum = "sha256:3321ec6e4d873fbf41bef55d11b3f269fa91cbb87b19f18211df7c1bd061ac8a"
url = "https://github.com/j178/prek/releases/download/v0.4.12/prek-x86_64-unknown-linux-musl.tar.gz"
url_api = "https://api.github.com/repos/j178/prek/releases/assets/499978791"
provenance = "github-attestations"

[tools.prek."platforms.macos-arm64"]
checksum = "sha256:cef66b9641a1c9ac61518edb13c2a7b440f3f1748e4bd60f2514a82bc1f2bd30"
url = "https://github.com/j178/prek/releases/download/v0.4.12/prek-aarch64-apple-darwin.tar.gz"
url_api = "https://api.github.com/repos/j178/prek/releases/assets/499978720"
provenance = "github-attestations"

[tools.prek."platforms.macos-x64"]
checksum = "sha256:783bf6b8d036e80cd43dd7c037d0888648c249f9c3c6045f0dd6eb135e11556e"
url = "https://github.com/j178/prek/releases/download/v0.4.12/prek-x86_64-apple-darwin.tar.gz"
url_api = "https://api.github.com/repos/j178/prek/releases/assets/499978780"
provenance = "github-attestations"

[tools.prek."platforms.windows-x64"]
checksum = "sha256:1ea049702009636296ca845e91b336aeb203d47df8ce500eb388672c8199d57b"
url = "https://github.com/j178/prek/releases/download/v0.4.12/prek-x86_64-pc-windows-msvc.zip"
url_api = "https://api.github.com/repos/j178/prek/releases/assets/499978783"
provenance = "github-attestations"

[[tools.python]]
version = "3.11.15"
backend = "core:python"

[tools.python."platforms.linux-arm64"]
checksum = "sha256:02cc9a0b9630c5f6e11ca72a38f535fc7cc2978c508e22a8281f24fc9de30977"
url = "https://github.com/astral-sh/python-build-standalone/releases/download/20260804/cpython-3.11.15+20260804-aarch64-unknown-linux-gnu-install_only_stripped.tar.gz"
provenance = "github-attestations"

[tools.python."platforms.linux-arm64-musl"]
checksum = "sha256:22a43e0bc4e4b2beac4b8863f7698ad01cddd2132b6bcf86febbf9181bc09a0b"
url = "https://github.com/astral-sh/python-build-standalone/releases/download/20260804/cpython-3.11.15+20260804-aarch64-unknown-linux-musl-install_only_stripped.tar.gz"
provenance = "github-attestations"

[tools.python."platforms.linux-x64"]
checksum = "sha256:f6a760090f336dc1df1ee3595bcbbf81f4a0c5214ee9385240f24af32eba72fd"
url = "https://github.com/astral-sh/python-build-standalone/releases/download/20260804/cpython-3.11.15+20260804-x86_64-unknown-linux-gnu-install_only_stripped.tar.gz"
provenance = "github-attestations"

[tools.python."platforms.linux-x64-musl"]
checksum = "sha256:076e449c5276d2442eebce598a0bde82f8f2b8d4bd1703e29c89708db06d9a7a"
url = "https://github.com/astral-sh/python-build-standalone/releases/download/20260804/cpython-3.11.15+20260804-x86_64-unknown-linux-musl-install_only_stripped.tar.gz"
provenance = "github-attestations"

[tools.python."platforms.macos-arm64"]
checksum = "sha256:40cf70bc24997a25444fbbc52b68b3191df9e9f5d1b5027b56b33f172911a50b"
url = "https://github.com/astral-sh/python-build-standalone/releases/download/20260804/cpython-3.11.15+20260804-aarch64-apple-darwin-install_only_stripped.tar.gz"
provenance = "github-attestations"

[tools.python."platforms.macos-x64"]
checksum = "sha256:53bfb848e9b9c3f65ff77ddb0f2f886e91e53533d391b92db3f1d37c7937ad6e"
url = "https://github.com/astral-sh/python-build-standalone/releases/download/20260804/cpython-3.11.15+20260804-x86_64-apple-darwin-install_only_stripped.tar.gz"
provenance = "github-attestations"

[tools.python."platforms.windows-x64"]
checksum = "sha256:cd6b7715b848d9ea28bf793e192364c29a2d399f9874b2d37c29c83bbdd41048"
url = "https://github.com/astral-sh/python-build-standalone/releases/download/20260804/cpython-3.11.15+20260804-x86_64-pc-windows-msvc-install_only_stripped.tar.gz"
provenance = "github-attestations"

[[tools.python]]
version = "3.12.13"
backend = "core:python"

[tools.python."platforms.linux-arm64"]
checksum = "sha256:5779f28830c6c5f32184c41e0a1c4afb355961cf9fbce18f43391d083a2ae924"
url = "https://github.com/astral-sh/python-build-standalone/releases/download/20260804/cpython-3.12.13+20260804-aarch64-unknown-linux-gnu-install_only_stripped.tar.gz"
provenance = "github-attestations"

[tools.python."platforms.linux-arm64-musl"]
checksum = "sha256:0433f0773382c086a39201ebd8bc8f72989490ac7a2f3e17565d46e0a52740ea"
url = "https://github.com/astral-sh/python-build-standalone/releases/download/20260804/cpython-3.12.13+20260804-aarch64-unknown-linux-musl-install_only_stripped.tar.gz"
provenance = "github-attestations"

[tools.python."platforms.linux-x64"]
checksum = "sha256:ce2c9c5df1b99a962a86d2f457656918ee5f01b2edea080db28416232a1fcb11"
url = "https://github.com/astral-sh/python-build-standalone/releases/download/20260804/cpython-3.12.13+20260804-x86_64-unknown-linux-gnu-install_only_stripped.tar.gz"
provenance = "github-attestations"

[tools.python."platforms.linux-x64-musl"]
checksum = "sha256:35e884cdc86a4f05b975dc0d46cc74d6466aafdd8e6e20232c4f833123f8cc55"
url = "https://github.com/astral-sh/python-build-standalone/releases/download/20260804/cpython-3.12.13+20260804-x86_64-unknown-linux-musl-install_only_stripped.tar.gz"
provenance = "github-attestations"

[tools.python."platforms.macos-arm64"]
checksum = "sha256:b00971ee829e39965e2bda5585666dfdcc74bd1bd97f4b75071b3b05cecf52fd"
url = "https://github.com/astral-sh/python-build-standalone/releases/download/20260804/cpython-3.12.13+20260804-aarch64-apple-darwin-install_only_stripped.tar.gz"
provenance = "github-attestations"

[tools.python."platforms.macos-x64"]
checksum = "sha256:23c1069b954060a875cce80a2d98afe9ca20b8e5244cf8df6c9475497d78bc4c"
url = "https://github.com/astral-sh/python-build-standalone/releases/download/20260804/cpython-3.12.13+20260804-x86_64-apple-darwin-install_only_stripped.tar.gz"
provenance = "github-attestations"

[tools.python."platforms.windows-x64"]
checksum = "sha256:7651644d6060b44ec4ba0823b8769adba094927fea6acdc46594623f45786076"
url = "https://github.com/astral-sh/python-build-standalone/releases/download/20260804/cpython-3.12.13+20260804-x86_64-pc-windows-msvc-install_only_stripped.tar.gz"
provenance = "github-attestations"

[[tools.python]]
version = "3.13.14"
backend = "core:python"

[tools.python."platforms.linux-arm64"]
checksum = "sha256:cbc61d27ad7933b4aff4cd950747bd8fbcb0c45efd04a97dcb09c35c8040683f"
url = "https://github.com/astral-sh/python-build-standalone/releases/download/20260804/cpython-3.13.14+20260804-aarch64-unknown-linux-gnu-install_only_stripped.tar.gz"
provenance = "github-attestations"

[tools.python."platforms.linux-arm64-musl"]
checksum = "sha256:29279e637d664cc7f4b0b72666098c089209e14e5b53d955b3b6e047520b069b"
url = "https://github.com/astral-sh/python-build-standalone/releases/download/20260804/cpython-3.13.14+20260804-aarch64-unknown-linux-musl-install_only_stripped.tar.gz"
provenance = "github-attestations"

[tools.python."platforms.linux-x64"]
checksum = "sha256:8dc4f7f779b96965b5e95d9a9e92f10f54e0871ed5e895c2077b0ee7ddcbf2b9"
url = "https://github.com/astral-sh/python-build-standalone/releases/download/20260804/cpython-3.13.14+20260804-x86_64-unknown-linux-gnu-install_only_stripped.tar.gz"
provenance = "github-attestations"

[tools.python."platforms.linux-x64-musl"]
checksum = "sha256:1a66399d571cae5fe000482354eedb0b23610f8384f9a3f1ee64025513f84ec7"
url = "https://github.com/astral-sh/python-build-standalone/releases/download/20260804/cpython-3.13.14+20260804-x86_64-unknown-linux-musl-install_only_stripped.tar.gz"
provenance = "github-attestations"

[tools.python."platforms.macos-arm64"]
checksum = "sha256:8c0de4b82b474f54d80b3e2b12b746f9b960283c86301b5602fcfc411f9de477"
url = "https://github.com/astral-sh/python-build-standalone/releases/download/20260804/cpython-3.13.14+20260804-aarch64-apple-darwin-install_only_stripped.tar.gz"
provenance = "github-attestations"

[tools.python."platforms.macos-x64"]
checksum = "sha256:076f4d2e7fab035165694fb671d885b635029f5912555eec061ffcb9bbf01905"
url = "https://github.com/astral-sh/python-build-standalone/releases/download/20260804/cpython-3.13.14+20260804-x86_64-apple-darwin-install_only_stripped.tar.gz"
provenance = "github-attestations"

[tools.python."platforms.windows-x64"]
checksum = "sha256:cd6331b8a9771dcf5f93e93074238d506763f324c973e045b40d86e65284c53f"
url = "https://github.com/astral-sh/python-build-standalone/releases/download/20260804/cpython-3.13.14+20260804-x86_64-pc-windows-msvc-install_only_stripped.tar.gz"
provenance = "github-attestations"

[[tools.python]]
version = "3.14.6"
backend = "core:python"

[tools.python."platforms.linux-arm64"]
checksum = "sha256:8ad1ec529cd1708245e8661a463245fc1479c43cbfd66e58b095456ebf77180a"
url = "https://github.com/astral-sh/python-build-standalone/releases/download/20260804/cpython-3.14.6+20260804-aarch64-unknown-linux-gnu-install_only_stripped.tar.gz"
provenance = "github-attestations"

[tools.python."platforms.linux-arm64-musl"]
checksum = "sha256:85dbb537dc5d6679edabfb61cefdf2511d26cb8669662c4563202b0990e79b4a"
url = "https://github.com/astral-sh/python-build-standalone/releases/download/20260804/cpython-3.14.6+20260804-aarch64-unknown-linux-musl-install_only_stripped.tar.gz"
provenance = "github-attestations"

[tools.python."platforms.linux-x64"]
checksum = "sha256:ba960817e542642021135db330d875f410f4e14c64a62e2ae5faf3697ada08b2"
url = "https://github.com/astral-sh/python-build-standalone/releases/download/20260804/cpython-3.14.6+20260804-x86_64-unknown-linux-gnu-install_only_stripped.tar.gz"
provenance = "github-attestations"

[tools.python."platforms.linux-x64-musl"]
checksum = "sha256:cbedbddcc6b2de99310015e629df67aeb732f622bbf258ec5d310757f85ab7ac"
url = "https://github.com/astral-sh/python-build-standalone/releases/download/20260804/cpython-3.14.6+20260804-x86_64-unknown-linux-musl-install_only_stripped.tar.gz"
provenance = "github-attestations"

[tools.python."platforms.macos-arm64"]
checksum = "sha256:e0d4e5066aef3248c22e08a07546bfd5edeaca904c91fadc296be720998ec2ec"
url = "https://github.com/astral-sh/python-build-standalone/releases/download/20260804/cpython-3.14.6+20260804-aarch64-apple-darwin-install_only_stripped.tar.gz"
provenance = "github-attestations"

[tools.python."platforms.macos-x64"]
checksum = "sha256:78ded4c4f0b6a931240f09bd20608533bb40dd71c1ff953c7267359075ca8b16"
url = "https://github.com/astral-sh/python-build-standalone/releases/download/20260804/cpython-3.14.6+20260804-x86_64-apple-darwin-install_only_stripped.tar.gz"
provenance = "github-attestations"

[tools.python."platforms.windows-x64"]
checksum = "sha256:ada613a2af32c04cf7c54726243c56d76f0e59f5f61d2f28371d3b9d8efad566"
url = "https://github.com/astral-sh/python-build-standalone/releases/download/20260804/cpython-3.14.6+20260804-x86_64-pc-windows-msvc-install_only_stripped.tar.gz"
provenance = "github-attestations"

[[tools.ruff]]
version = "0.16.1"
backend = "aqua:astral-sh/ruff"

[tools.ruff."platforms.linux-arm64"]
checksum = "sha256:5929d9f37fc518a3825f33a76ad8092c0555ca045ca1dbf5e680038a402c840c"
url = "https://github.com/astral-sh/ruff/releases/download/0.16.1/ruff-aarch64-unknown-linux-musl.tar.gz"
url_api = "https://api.github.com/repos/astral-sh/ruff/releases/assets/495779006"
provenance = "github-attestations"

[tools.ruff."platforms.linux-arm64-musl"]
checksum = "sha256:5929d9f37fc518a3825f33a76ad8092c0555ca045ca1dbf5e680038a402c840c"
url = "https://github.com/astral-sh/ruff/releases/download/0.16.1/ruff-aarch64-unknown-linux-musl.tar.gz"
url_api = "https://api.github.com/repos/astral-sh/ruff/releases/assets/495779006"
provenance = "github-attestations"

[tools.ruff."platforms.linux-x64"]
checksum = "sha256:23469683052cd2db1589f15032dd1751b2a3f212062e9fc901b0776d25fb36bc"
url = "https://github.com/astral-sh/ruff/releases/download/0.16.1/ruff-x86_64-unknown-linux-musl.tar.gz"
url_api = "https://api.github.com/repos/astral-sh/ruff/releases/assets/495779139"
provenance = "github-attestations"

[tools.ruff."platforms.linux-x64-musl"]
checksum = "sha256:23469683052cd2db1589f15032dd1751b2a3f212062e9fc901b0776d25fb36bc"
url = "https://github.com/astral-sh/ruff/releases/download/0.16.1/ruff-x86_64-unknown-linux-musl.tar.gz"
url_api = "https://api.github.com/repos/astral-sh/ruff/releases/assets/495779139"
provenance = "github-attestations"

[tools.ruff."platforms.macos-arm64"]
checksum = "sha256:a8df4e8e9f22e3b0ae0b9f165ddaafb7e34df692197a6c1a361e7426f90681d5"
url = "https://github.com/astral-sh/ruff/releases/download/0.16.1/ruff-aarch64-apple-darwin.tar.gz"
url_api = "https://api.github.com/repos/astral-sh/ruff/releases/assets/495778992"
provenance = "github-attestations"

[tools.ruff."platforms.macos-x64"]
checksum = "sha256:00396fb9db4cb04e07ad277e6b10d845e6767f0a2aae67e1a57aa65fa01334f0"
url = "https://github.com/astral-sh/ruff/releases/download/0.16.1/ruff-x86_64-apple-darwin.tar.gz"
url_api = "https://api.github.com/repos/astral-sh/ruff/releases/assets/495779121"
provenance = "github-attestations"

[tools.ruff."platforms.windows-x64"]
checksum = "sha256:f37898d133acba7df8cbd130abc3b58b98243d7f3ab751087193dde8887955c4"
url = "https://github.com/astral-sh/ruff/releases/download/0.16.1/ruff-x86_64-pc-windows-msvc.zip"
url_api = "https://api.github.com/repos/astral-sh/ruff/releases/assets/495779128"
provenance = "github-attestations"

[[tools.rumdl]]
version = "v0.2.49"
backend = "aqua:rvben/rumdl"

[tools.rumdl."platforms.linux-arm64"]
checksum = "sha256:5657e71f4c32c90d39765ad52645d52d3190d87db3e97e8c8aef20211b704cbc"
url = "https://github.com/rvben/rumdl/releases/download/v0.2.49/rumdl-v0.2.49-aarch64-unknown-linux-musl.tar.gz"
url_api = "https://api.github.com/repos/rvben/rumdl/releases/assets/499242526"
provenance = "github-attestations"

[tools.rumdl."platforms.linux-arm64-musl"]
checksum = "sha256:5657e71f4c32c90d39765ad52645d52d3190d87db3e97e8c8aef20211b704cbc"
url = "https://github.com/rvben/rumdl/releases/download/v0.2.49/rumdl-v0.2.49-aarch64-unknown-linux-musl.tar.gz"
url_api = "https://api.github.com/repos/rvben/rumdl/releases/assets/499242526"
provenance = "github-attestations"

[tools.rumdl."platforms.linux-x64"]
checksum = "sha256:7af6d85b0682777d2f03c7fadb6c43a603b2e5385efe9dacbc81558aeceb1399"
url = "https://github.com/rvben/rumdl/releases/download/v0.2.49/rumdl-v0.2.49-x86_64-unknown-linux-musl.tar.gz"
url_api = "https://api.github.com/repos/rvben/rumdl/releases/assets/499242525"
provenance = "github-attestations"

[tools.rumdl."platforms.linux-x64-musl"]
checksum = "sha256:7af6d85b0682777d2f03c7fadb6c43a603b2e5385efe9dacbc81558aeceb1399"
url = "https://github.com/rvben/rumdl/releases/download/v0.2.49/rumdl-v0.2.49-x86_64-unknown-linux-musl.tar.gz"
url_api = "https://api.github.com/repos/rvben/rumdl/releases/assets/499242525"
provenance = "github-attestations"

[tools.rumdl."platforms.macos-arm64"]
checksum = "sha256:73a5646aad1bd86f9e2c5cc3fd996e083b5412f47d452af1da0a255727af29b3"
url = "https://github.com/rvben/rumdl/releases/download/v0.2.49/rumdl-v0.2.49-aarch64-apple-darwin.tar.gz"
url_api = "https://api.github.com/repos/rvben/rumdl/releases/assets/499242521"
provenance = "github-attestations"

[tools.rumdl."platforms.macos-x64"]
checksum = "sha256:8c252e66b9eb1f51da7378e2b6c5a0092083941579d975d14e0acc45ed8735e0"
url = "https://github.com/rvben/rumdl/releases/download/v0.2.49/rumdl-v0.2.49-x86_64-apple-darwin.tar.gz"
url_api = "https://api.github.com/repos/rvben/rumdl/releases/assets/499242524"
provenance = "github-attestations"

[tools.rumdl."platforms.windows-x64"]
checksum = "sha256:24eb2c5202cfd185d2f53ffb156b1907acc9110a6af21f5d05d614df0f9196e8"
url = "https://github.com/rvben/rumdl/releases/download/v0.2.49/rumdl-v0.2.49-x86_64-pc-windows-msvc.zip"
url_api = "https://api.github.com/repos/rvben/rumdl/releases/assets/499242529"
provenance = "github-attestations"

[[tools.rust]]
version = "1.97.1"
backend = "core:rust"

[tools.rust.options]
components = "clippy,rustfmt"
profile = "minimal"

[[tools.shellcheck]]
version = "0.11.0"
backend = "aqua:koalaman/shellcheck"

[tools.shellcheck."platforms.linux-arm64"]
checksum = "sha256:12b331c1d2db6b9eb13cfca64306b1b157a86eb69db83023e261eaa7e7c14588"
url = "https://github.com/koalaman/shellcheck/releases/download/v0.11.0/shellcheck-v0.11.0.linux.aarch64.tar.xz"
url_api = "https://api.github.com/repos/koalaman/shellcheck/releases/assets/279056934"

[tools.shellcheck."platforms.linux-arm64-musl"]
checksum = "sha256:12b331c1d2db6b9eb13cfca64306b1b157a86eb69db83023e261eaa7e7c14588"
url = "https://github.com/koalaman/shellcheck/releases/download/v0.11.0/shellcheck-v0.11.0.linux.aarch64.tar.xz"
url_api = "https://api.github.com/repos/koalaman/shellcheck/releases/assets/279056934"

[tools.shellcheck."platforms.linux-x64"]
checksum = "sha256:8c3be12b05d5c177a04c29e3c78ce89ac86f1595681cab149b65b97c4e227198"
url = "https://github.com/koalaman/shellcheck/releases/download/v0.11.0/shellcheck-v0.11.0.linux.x86_64.tar.xz"
url_api = "https://api.github.com/repos/koalaman/shellcheck/releases/assets/279056942"

[tools.shellcheck."platforms.linux-x64-musl"]
checksum = "sha256:8c3be12b05d5c177a04c29e3c78ce89ac86f1595681cab149b65b97c4e227198"
url = "https://github.com/koalaman/shellcheck/releases/download/v0.11.0/shellcheck-v0.11.0.linux.x86_64.tar.xz"
url_api = "https://api.github.com/repos/koalaman/shellcheck/releases/assets/279056942"

[tools.shellcheck."platforms.macos-arm64"]
checksum = "sha256:56affdd8de5527894dca6dc3d7e0a99a873b0f004d7aabc30ae407d3f48b0a79"
url = "https://github.com/koalaman/shellcheck/releases/download/v0.11.0/shellcheck-v0.11.0.darwin.aarch64.tar.xz"
url_api = "https://api.github.com/repos/koalaman/shellcheck/releases/assets/279056932"

[tools.shellcheck."platforms.macos-x64"]
checksum = "sha256:3c89db4edcab7cf1c27bff178882e0f6f27f7afdf54e859fa041fca10febe4c6"
url = "https://github.com/koalaman/shellcheck/releases/download/v0.11.0/shellcheck-v0.11.0.darwin.x86_64.tar.xz"
url_api = "https://api.github.com/repos/koalaman/shellcheck/releases/assets/279056930"

[tools.shellcheck."platforms.windows-x64"]
checksum = "sha256:8a4e35ab0b331c85d73567b12f2a444df187f483e5079ceffa6bda1faa2e740e"
url = "https://github.com/koalaman/shellcheck/releases/download/v0.11.0/shellcheck-v0.11.0.zip"
url_api = "https://api.github.com/repos/koalaman/shellcheck/releases/assets/279056944"

[[tools.typos]]
version = "1.49.0"
backend = "aqua:crate-ci/typos"

[tools.typos."platforms.linux-arm64"]
checksum = "sha256:85c8b87b22a0fb1da130cd4d495e0beba7f1225eb580933184509e146ec4c509"
url = "https://github.com/crate-ci/typos/releases/download/v1.49.0/typos-v1.49.0-aarch64-unknown-linux-musl.tar.gz"
url_api = "https://api.github.com/repos/crate-ci/typos/releases/assets/500258983"

[tools.typos."platforms.linux-arm64-musl"]
checksum = "sha256:85c8b87b22a0fb1da130cd4d495e0beba7f1225eb580933184509e146ec4c509"
url = "https://github.com/crate-ci/typos/releases/download/v1.49.0/typos-v1.49.0-aarch64-unknown-linux-musl.tar.gz"
url_api = "https://api.github.com/repos/crate-ci/typos/releases/assets/500258983"

[tools.typos."platforms.linux-x64"]
checksum = "sha256:48bd2d58e02ce713b8c0f1aa239e68ee4f7d8c551013135806e6aed3938d9e10"
url = "https://github.com/crate-ci/typos/releases/download/v1.49.0/typos-v1.49.0-x86_64-unknown-linux-musl.tar.gz"
url_api = "https://api.github.com/repos/crate-ci/typos/releases/assets/500261019"

[tools.typos."platforms.linux-x64-musl"]
checksum = "sha256:48bd2d58e02ce713b8c0f1aa239e68ee4f7d8c551013135806e6aed3938d9e10"
url = "https://github.com/crate-ci/typos/releases/download/v1.49.0/typos-v1.49.0-x86_64-unknown-linux-musl.tar.gz"
url_api = "https://api.github.com/repos/crate-ci/typos/releases/assets/500261019"

[tools.typos."platforms.macos-arm64"]
checksum = "sha256:8c0e7bd40b2b60c0b0cfe9f74dd814b4d4385c956ce86860f7da9e62d91fdc73"
url = "https://github.com/crate-ci/typos/releases/download/v1.49.0/typos-v1.49.0-aarch64-apple-darwin.tar.gz"
url_api = "https://api.github.com/repos/crate-ci/typos/releases/assets/500262463"

[tools.typos."platforms.macos-x64"]
checksum = "sha256:4cecbf653a9fc45f023abf57f4e2e2f6b138c2d2387b09289beacdd3f0ea7bfd"
url = "https://github.com/crate-ci/typos/releases/download/v1.49.0/typos-v1.49.0-x86_64-apple-darwin.tar.gz"
url_api = "https://api.github.com/repos/crate-ci/typos/releases/assets/500259181"

[tools.typos."platforms.windows-x64"]
checksum = "sha256:06d3a1b71c282e021671070696a72696d5c60ea485b47dc4f8f1fbcf90144d02"
url = "https://github.com/crate-ci/typos/releases/download/v1.49.0/typos-v1.49.0-x86_64-pc-windows-msvc.zip"
url_api = "https://api.github.com/repos/crate-ci/typos/releases/assets/500264256"

[[tools.uv]]
version = "0.12.3"
backend = "aqua:astral-sh/uv"

[tools.uv."platforms.linux-arm64"]
checksum = "sha256:fa513fca1eb2913334c944fe9adbdd410274a1cbe8dd05d03699a9eb85311d4e"
url = "https://github.com/astral-sh/uv/releases/download/0.12.3/uv-aarch64-unknown-linux-musl.tar.gz"
url_api = "https://api.github.com/repos/astral-sh/uv/releases/assets/505387718"
provenance = "github-attestations"

[tools.uv."platforms.linux-arm64-musl"]
checksum = "sha256:fa513fca1eb2913334c944fe9adbdd410274a1cbe8dd05d03699a9eb85311d4e"
url = "https://github.com/astral-sh/uv/releases/download/0.12.3/uv-aarch64-unknown-linux-musl.tar.gz"
url_api = "https://api.github.com/repos/astral-sh/uv/releases/assets/505387718"
provenance = "github-attestations"

[tools.uv."platforms.linux-x64"]
checksum = "sha256:0643b9fb8c9fb27458e709ce6ff939695013c41975ff7b02d3f3b138d8d4bdb3"
url = "https://github.com/astral-sh/uv/releases/download/0.12.3/uv-x86_64-unknown-linux-musl.tar.gz"
url_api = "https://api.github.com/repos/astral-sh/uv/releases/assets/505387821"
provenance = "github-attestations"

[tools.uv."platforms.linux-x64-musl"]
checksum = "sha256:0643b9fb8c9fb27458e709ce6ff939695013c41975ff7b02d3f3b138d8d4bdb3"
url = "https://github.com/astral-sh/uv/releases/download/0.12.3/uv-x86_64-unknown-linux-musl.tar.gz"
url_api = "https://api.github.com/repos/astral-sh/uv/releases/assets/505387821"
provenance = "github-attestations"

[tools.uv."platforms.macos-arm64"]
checksum = "sha256:546f7f8a6c70ff13a3a9d2bc958db3427298cebf3e0cb756f9177133b7068843"
url = "https://github.com/astral-sh/uv/releases/download/0.12.3/uv-aarch64-apple-darwin.tar.gz"
url_api = "https://api.github.com/repos/astral-sh/uv/releases/assets/505387707"
provenance = "github-attestations"

[tools.uv."platforms.macos-x64"]
checksum = "sha256:4c9f52262a14da336e4a42ed24992d12d0c956acde87619e4611d321dffa602b"
url = "https://github.com/astral-sh/uv/releases/download/0.12.3/uv-x86_64-apple-darwin.tar.gz"
url_api = "https://api.github.com/repos/astral-sh/uv/releases/assets/505387807"
provenance = "github-attestations"

[tools.uv."platforms.windows-x64"]
checksum = "sha256:b23350c79e8ad0192b8124af13a0f17e8d4e4549524785e1aef389ae5a06990e"
url = "https://github.com/astral-sh/uv/releases/download/0.12.3/uv-x86_64-pc-windows-msvc.zip"
url_api = "https://api.github.com/repos/astral-sh/uv/releases/assets/505387809"
provenance = "github-attestations"
