version = 1
revision = 2
requires-python = ">=3.11, <3.14"

[[package]]
name = "attrs"
version = "25.3.0"
source = { registry = "https://pypi.org/simple" }
sdist = { url = "https://files.pythonhosted.org/packages/5a/b0/1367933a8532ee6ff8d63537de4f1177af4bff9f3e829baf7331f595bb24/attrs-25.3.0.tar.gz", hash = "sha256:75d7cefc7fb576747b2c81b4442d4d4a1ce0900973527c011d1030fd3bf4af1b", size = 812032, upload-time = "2025-03-13T11:10:22.779Z" }
wheels = [
    { url = "https://files.pythonhosted.org/packages/77/06/bb80f5f86020c4551da315d78b3ab75e8228f89f0162f2c3a819e407941a/attrs-25.3.0-py3-none-any.whl", hash = "sha256:427318ce031701fea540783410126f03899a97ffc6f61596ad581ac2e40e3bc3", size = 63815, upload-time = "2025-03-13T11:10:21.14Z" },
]

[[package]]
name = "colorama"
version = "0.4.6"
source = { registry = "https://pypi.org/simple" }
sdist = { url = "https://files.pythonhosted.org/packages/d8/53/6f443c9a4a8358a93a6792e2acffb9d9d5cb0a5cfd8802644b7b1c9a02e4/colorama-0.4.6.tar.gz", hash = "sha256:08695f5cb7ed6e0531a20572697297273c47b8cae5a63ffc6d6ed5c201be6e44", size = 27697, upload-time = "2022-10-25T02:36:22.414Z" }
wheels = [
    { url = "https://files.pythonhosted.org/packages/d1/d6/3965ed04c63042e047cb6a3e6ed1a63a35087b6a609aa3a15ed8ac56c221/colorama-0.4.6-py2.py3-none-any.whl", hash = "sha256:4f1d9991f5acc0ca119f9d443620b77f9d6b33703e51011c16baf57afb285fc6", size = 25335, upload-time = "2022-10-25T02:36:20.889Z" },
]

[[package]]
name = "coverage"
version = "7.8.0"
source = { registry = "https://pypi.org/simple" }
sdist = { url = "https://files.pythonhosted.org/packages/19/4f/2251e65033ed2ce1e68f00f91a0294e0f80c80ae8c3ebbe2f12828c4cd53/coverage-7.8.0.tar.gz", hash = "sha256:7a3d62b3b03b4b6fd41a085f3574874cf946cb4604d2b4d3e8dca8cd570ca501", size = 811872, upload-time = "2025-03-30T20:36:45.376Z" }
wheels = [
    { url = "https://files.pythonhosted.org/packages/2b/77/074d201adb8383addae5784cb8e2dac60bb62bfdf28b2b10f3a3af2fda47/coverage-7.8.0-cp311-cp311-macosx_10_9_x86_64.whl", hash = "sha256:e7ac22a0bb2c7c49f441f7a6d46c9c80d96e56f5a8bc6972529ed43c8b694e27", size = 211493, upload-time = "2025-03-30T20:35:12.286Z" },
    { url = "https://files.pythonhosted.org/packages/a9/89/7a8efe585750fe59b48d09f871f0e0c028a7b10722b2172dfe021fa2fdd4/coverage-7.8.0-cp311-cp311-macosx_11_0_arm64.whl", hash = "sha256:bf13d564d310c156d1c8e53877baf2993fb3073b2fc9f69790ca6a732eb4bfea", size = 211921, upload-time = "2025-03-30T20:35:14.18Z" },
    { url = "https://files.pythonhosted.org/packages/e9/ef/96a90c31d08a3f40c49dbe897df4f1fd51fb6583821a1a1c5ee30cc8f680/coverage-7.8.0-cp311-cp311-manylinux_2_17_aarch64.manylinux2014_aarch64.whl", hash = "sha256:a5761c70c017c1b0d21b0815a920ffb94a670c8d5d409d9b38857874c21f70d7", size = 244556, upload-time = "2025-03-30T20:35:15.616Z" },
    { url = "https://files.pythonhosted.org/packages/89/97/dcd5c2ce72cee9d7b0ee8c89162c24972fb987a111b92d1a3d1d19100c61/coverage-7.8.0-cp311-cp311-manylinux_2_5_i686.manylinux1_i686.manylinux_2_17_i686.manylinux2014_i686.whl", hash = "sha256:e5ff52d790c7e1628241ffbcaeb33e07d14b007b6eb00a19320c7b8a7024c040", size = 242245, upload-time = "2025-03-30T20:35:18.648Z" },
    { url = "https://files.pythonhosted.org/packages/b2/7b/b63cbb44096141ed435843bbb251558c8e05cc835c8da31ca6ffb26d44c0/coverage-7.8.0-cp311-cp311-manylinux_2_5_x86_64.manylinux1_x86_64.manylinux_2_17_x86_64.manylinux2014_x86_64.whl", hash = "sha256:d39fc4817fd67b3915256af5dda75fd4ee10621a3d484524487e33416c6f3543", size = 244032, upload-time = "2025-03-30T20:35:20.131Z" },
    { url = "https://files.pythonhosted.org/packages/97/e3/7fa8c2c00a1ef530c2a42fa5df25a6971391f92739d83d67a4ee6dcf7a02/coverage-7.8.0-cp311-cp311-musllinux_1_2_aarch64.whl", hash = "sha256:b44674870709017e4b4036e3d0d6c17f06a0e6d4436422e0ad29b882c40697d2", size = 243679, upload-time = "2025-03-30T20:35:21.636Z" },
    { url = "https://files.pythonhosted.org/packages/4f/b3/e0a59d8df9150c8a0c0841d55d6568f0a9195692136c44f3d21f1842c8f6/coverage-7.8.0-cp311-cp311-musllinux_1_2_i686.whl", hash = "sha256:8f99eb72bf27cbb167b636eb1726f590c00e1ad375002230607a844d9e9a2318", size = 241852, upload-time = "2025-03-30T20:35:23.525Z" },
    { url = "https://files.pythonhosted.org/packages/9b/82/db347ccd57bcef150c173df2ade97976a8367a3be7160e303e43dd0c795f/coverage-7.8.0-cp311-cp311-musllinux_1_2_x86_64.whl", hash = "sha256:b571bf5341ba8c6bc02e0baeaf3b061ab993bf372d982ae509807e7f112554e9", size = 242389, upload-time = "2025-03-30T20:35:25.09Z" },
    { url = "https://files.pythonhosted.org/packages/21/f6/3f7d7879ceb03923195d9ff294456241ed05815281f5254bc16ef71d6a20/coverage-7.8.0-cp311-cp311-win32.whl", hash = "sha256:e75a2ad7b647fd8046d58c3132d7eaf31b12d8a53c0e4b21fa9c4d23d6ee6d3c", size = 213997, upload-time = "2025-03-30T20:35:26.914Z" },
    { url = "https://files.pythonhosted.org/packages/28/87/021189643e18ecf045dbe1e2071b2747901f229df302de01c998eeadf146/coverage-7.8.0-cp311-cp311-win_amd64.whl", hash = "sha256:3043ba1c88b2139126fc72cb48574b90e2e0546d4c78b5299317f61b7f718b78", size = 214911, upload-time = "2025-03-30T20:35:28.498Z" },
    { url = "https://files.pythonhosted.org/packages/aa/12/4792669473297f7973518bec373a955e267deb4339286f882439b8535b39/coverage-7.8.0-cp312-cp312-macosx_10_13_x86_64.whl", hash = "sha256:bbb5cc845a0292e0c520656d19d7ce40e18d0e19b22cb3e0409135a575bf79fc", size = 211684, upload-time = "2025-03-30T20:35:29.959Z" },
    { url = "https://files.pythonhosted.org/packages/be/e1/2a4ec273894000ebedd789e8f2fc3813fcaf486074f87fd1c5b2cb1c0a2b/coverage-7.8.0-cp312-cp312-macosx_11_0_arm64.whl", hash = "sha256:4dfd9a93db9e78666d178d4f08a5408aa3f2474ad4d0e0378ed5f2ef71640cb6", size = 211935, upload-time = "2025-03-30T20:35:31.912Z" },
    { url = "https://files.pythonhosted.org/packages/f8/3a/7b14f6e4372786709a361729164125f6b7caf4024ce02e596c4a69bccb89/coverage-7.8.0-cp312-cp312-manylinux_2_17_aarch64.manylinux2014_aarch64.whl", hash = "sha256:f017a61399f13aa6d1039f75cd467be388d157cd81f1a119b9d9a68ba6f2830d", size = 245994, upload-time = "2025-03-30T20:35:33.455Z" },
    { url = "https://files.pythonhosted.org/packages/54/80/039cc7f1f81dcbd01ea796d36d3797e60c106077e31fd1f526b85337d6a1/coverage-7.8.0-cp312-cp312-manylinux_2_5_i686.manylinux1_i686.manylinux_2_17_i686.manylinux2014_i686.whl", hash = "sha256:0915742f4c82208ebf47a2b154a5334155ed9ef9fe6190674b8a46c2fb89cb05", size = 242885, upload-time = "2025-03-30T20:35:35.354Z" },
    { url = "https://files.pythonhosted.org/packages/10/e0/dc8355f992b6cc2f9dcd5ef6242b62a3f73264893bc09fbb08bfcab18eb4/coverage-7.8.0-cp312-cp312-manylinux_2_5_x86_64.manylinux1_x86_64.manylinux_2_17_x86_64.manylinux2014_x86_64.whl", hash = "sha256:8a40fcf208e021eb14b0fac6bdb045c0e0cab53105f93ba0d03fd934c956143a", size = 245142, upload-time = "2025-03-30T20:35:37.121Z" },
    { url = "https://files.pythonhosted.org/packages/43/1b/33e313b22cf50f652becb94c6e7dae25d8f02e52e44db37a82de9ac357e8/coverage-7.8.0-cp312-cp312-musllinux_1_2_aarch64.whl", hash = "sha256:a1f406a8e0995d654b2ad87c62caf6befa767885301f3b8f6f73e6f3c31ec3a6", size = 244906, upload-time = "2025-03-30T20:35:39.07Z" },
    { url = "https://files.pythonhosted.org/packages/05/08/c0a8048e942e7f918764ccc99503e2bccffba1c42568693ce6955860365e/coverage-7.8.0-cp312-cp312-musllinux_1_2_i686.whl", hash = "sha256:77af0f6447a582fdc7de5e06fa3757a3ef87769fbb0fdbdeba78c23049140a47", size = 243124, upload-time = "2025-03-30T20:35:40.598Z" },
    { url = "https://files.pythonhosted.org/packages/5b/62/ea625b30623083c2aad645c9a6288ad9fc83d570f9adb913a2abdba562dd/coverage-7.8.0-cp312-cp312-musllinux_1_2_x86_64.whl", hash = "sha256:f2d32f95922927186c6dbc8bc60df0d186b6edb828d299ab10898ef3f40052fe", size = 244317, upload-time = "2025-03-30T20:35:42.204Z" },
    { url = "https://files.pythonhosted.org/packages/62/cb/3871f13ee1130a6c8f020e2f71d9ed269e1e2124aa3374d2180ee451cee9/coverage-7.8.0-cp312-cp312-win32.whl", hash = "sha256:769773614e676f9d8e8a0980dd7740f09a6ea386d0f383db6821df07d0f08545", size = 214170, upload-time = "2025-03-30T20:35:44.216Z" },
    { url = "https://files.pythonhosted.org/packages/88/26/69fe1193ab0bfa1eb7a7c0149a066123611baba029ebb448500abd8143f9/coverage-7.8.0-cp312-cp312-win_amd64.whl", hash = "sha256:e5d2b9be5b0693cf21eb4ce0ec8d211efb43966f6657807f6859aab3814f946b", size = 214969, upload-time = "2025-03-30T20:35:45.797Z" },
    { url = "https://files.pythonhosted.org/packages/f3/21/87e9b97b568e223f3438d93072479c2f36cc9b3f6b9f7094b9d50232acc0/coverage-7.8.0-cp313-cp313-macosx_10_13_x86_64.whl", hash = "sha256:5ac46d0c2dd5820ce93943a501ac5f6548ea81594777ca585bf002aa8854cacd", size = 211708, upload-time = "2025-03-30T20:35:47.417Z" },
    { url = "https://files.pythonhosted.org/packages/75/be/882d08b28a0d19c9c4c2e8a1c6ebe1f79c9c839eb46d4fca3bd3b34562b9/coverage-7.8.0-cp313-cp313-macosx_11_0_arm64.whl", hash = "sha256:771eb7587a0563ca5bb6f622b9ed7f9d07bd08900f7589b4febff05f469bea00", size = 211981, upload-time = "2025-03-30T20:35:49.002Z" },
    { url = "https://files.pythonhosted.org/packages/7a/1d/ce99612ebd58082fbe3f8c66f6d8d5694976c76a0d474503fa70633ec77f/coverage-7.8.0-cp313-cp313-manylinux_2_17_aarch64.manylinux2014_aarch64.whl", hash = "sha256:42421e04069fb2cbcbca5a696c4050b84a43b05392679d4068acbe65449b5c64", size = 245495, upload-time = "2025-03-30T20:35:51.073Z" },
    { url = "https://files.pythonhosted.org/packages/dc/8d/6115abe97df98db6b2bd76aae395fcc941d039a7acd25f741312ced9a78f/coverage-7.8.0-cp313-cp313-manylinux_2_5_i686.manylinux1_i686.manylinux_2_17_i686.manylinux2014_i686.whl", hash = "sha256:554fec1199d93ab30adaa751db68acec2b41c5602ac944bb19187cb9a41a8067", size = 242538, upload-time = "2025-03-30T20:35:52.941Z" },
    { url = "https://files.pythonhosted.org/packages/cb/74/2f8cc196643b15bc096d60e073691dadb3dca48418f08bc78dd6e899383e/coverage-7.8.0-cp313-cp313-manylinux_2_5_x86_64.manylinux1_x86_64.manylinux_2_17_x86_64.manylinux2014_x86_64.whl", hash = "sha256:5aaeb00761f985007b38cf463b1d160a14a22c34eb3f6a39d9ad6fc27cb73008", size = 244561, upload-time = "2025-03-30T20:35:54.658Z" },
    { url = "https://files.pythonhosted.org/packages/22/70/c10c77cd77970ac965734fe3419f2c98665f6e982744a9bfb0e749d298f4/coverage-7.8.0-cp313-cp313-musllinux_1_2_aarch64.whl", hash = "sha256:581a40c7b94921fffd6457ffe532259813fc68eb2bdda60fa8cc343414ce3733", size = 244633, upload-time = "2025-03-30T20:35:56.221Z" },
    { url = "https://files.pythonhosted.org/packages/38/5a/4f7569d946a07c952688debee18c2bb9ab24f88027e3d71fd25dbc2f9dca/coverage-7.8.0-cp313-cp313-musllinux_1_2_i686.whl", hash = "sha256:f319bae0321bc838e205bf9e5bc28f0a3165f30c203b610f17ab5552cff90323", size = 242712, upload-time = "2025-03-30T20:35:57.801Z" },
    { url = "https://files.pythonhosted.org/packages/bb/a1/03a43b33f50475a632a91ea8c127f7e35e53786dbe6781c25f19fd5a65f8/coverage-7.8.0-cp313-cp313-musllinux_1_2_x86_64.whl", hash = "sha256:04bfec25a8ef1c5f41f5e7e5c842f6b615599ca8ba8391ec33a9290d9d2db3a3", size = 244000, upload-time = "2025-03-30T20:35:59.378Z" },
    { url = "https://files.pythonhosted.org/packages/6a/89/ab6c43b1788a3128e4d1b7b54214548dcad75a621f9d277b14d16a80d8a1/coverage-7.8.0-cp313-cp313-win32.whl", hash = "sha256:dd19608788b50eed889e13a5d71d832edc34fc9dfce606f66e8f9f917eef910d", size = 214195, upload-time = "2025-03-30T20:36:01.005Z" },
    { url = "https://files.pythonhosted.org/packages/12/12/6bf5f9a8b063d116bac536a7fb594fc35cb04981654cccb4bbfea5dcdfa0/coverage-7.8.0-cp313-cp313-win_amd64.whl", hash = "sha256:a9abbccd778d98e9c7e85038e35e91e67f5b520776781d9a1e2ee9d400869487", size = 214998, upload-time = "2025-03-30T20:36:03.006Z" },
    { url = "https://files.pythonhosted.org/packages/2a/e6/1e9df74ef7a1c983a9c7443dac8aac37a46f1939ae3499424622e72a6f78/coverage-7.8.0-cp313-cp313t-macosx_10_13_x86_64.whl", hash = "sha256:18c5ae6d061ad5b3e7eef4363fb27a0576012a7447af48be6c75b88494c6cf25", size = 212541, upload-time = "2025-03-30T20:36:04.638Z" },
    { url = "https://files.pythonhosted.org/packages/04/51/c32174edb7ee49744e2e81c4b1414ac9df3dacfcb5b5f273b7f285ad43f6/coverage-7.8.0-cp313-cp313t-macosx_11_0_arm64.whl", hash = "sha256:95aa6ae391a22bbbce1b77ddac846c98c5473de0372ba5c463480043a07bff42", size = 212767, upload-time = "2025-03-30T20:36:06.503Z" },
    { url = "https://files.pythonhosted.org/packages/e9/8f/f454cbdb5212f13f29d4a7983db69169f1937e869a5142bce983ded52162/coverage-7.8.0-cp313-cp313t-manylinux_2_17_aarch64.manylinux2014_aarch64.whl", hash = "sha256:e013b07ba1c748dacc2a80e69a46286ff145935f260eb8c72df7185bf048f502", size = 256997, upload-time = "2025-03-30T20:36:08.137Z" },
    { url = "https://files.pythonhosted.org/packages/e6/74/2bf9e78b321216d6ee90a81e5c22f912fc428442c830c4077b4a071db66f/coverage-7.8.0-cp313-cp313t-manylinux_2_5_i686.manylinux1_i686.manylinux_2_17_i686.manylinux2014_i686.whl", hash = "sha256:d766a4f0e5aa1ba056ec3496243150698dc0481902e2b8559314368717be82b1", size = 252708, upload-time = "2025-03-30T20:36:09.781Z" },
    { url = "https://files.pythonhosted.org/packages/92/4d/50d7eb1e9a6062bee6e2f92e78b0998848a972e9afad349b6cdde6fa9e32/coverage-7.8.0-cp313-cp313t-manylinux_2_5_x86_64.manylinux1_x86_64.manylinux_2_17_x86_64.manylinux2014_x86_64.whl", hash = "sha256:ad80e6b4a0c3cb6f10f29ae4c60e991f424e6b14219d46f1e7d442b938ee68a4", size = 255046, upload-time = "2025-03-30T20:36:11.409Z" },
    { url = "https://files.pythonhosted.org/packages/40/9e/71fb4e7402a07c4198ab44fc564d09d7d0ffca46a9fb7b0a7b929e7641bd/coverage-7.8.0-cp313-cp313t-musllinux_1_2_aarch64.whl", hash = "sha256:b87eb6fc9e1bb8f98892a2458781348fa37e6925f35bb6ceb9d4afd54ba36c73", size = 256139, upload-time = "2025-03-30T20:36:13.86Z" },
    { url = "https://files.pythonhosted.org/packages/49/1a/78d37f7a42b5beff027e807c2843185961fdae7fe23aad5a4837c93f9d25/coverage-7.8.0-cp313-cp313t-musllinux_1_2_i686.whl", hash = "sha256:d1ba00ae33be84066cfbe7361d4e04dec78445b2b88bdb734d0d1cbab916025a", size = 254307, upload-time = "2025-03-30T20:36:16.074Z" },
    { url = "https://files.pythonhosted.org/packages/58/e9/8fb8e0ff6bef5e170ee19d59ca694f9001b2ec085dc99b4f65c128bb3f9a/coverage-7.8.0-cp313-cp313t-musllinux_1_2_x86_64.whl", hash = "sha256:f3c38e4e5ccbdc9198aecc766cedbb134b2d89bf64533973678dfcf07effd883", size = 255116, upload-time = "2025-03-30T20:36:18.033Z" },
    { url = "https://files.pythonhosted.org/packages/56/b0/d968ecdbe6fe0a863de7169bbe9e8a476868959f3af24981f6a10d2b6924/coverage-7.8.0-cp313-cp313t-win32.whl", hash = "sha256:379fe315e206b14e21db5240f89dc0774bdd3e25c3c58c2c733c99eca96f1ada", size = 214909, upload-time = "2025-03-30T20:36:19.644Z" },
    { url = "https://files.pythonhosted.org/packages/87/e9/d6b7ef9fecf42dfb418d93544af47c940aa83056c49e6021a564aafbc91f/coverage-7.8.0-cp313-cp313t-win_amd64.whl", hash = "sha256:2e4b6b87bb0c846a9315e3ab4be2d52fac905100565f4b92f02c445c8799e257", size = 216068, upload-time = "2025-03-30T20:36:21.282Z" },
    { url = "https://files.pythonhosted.org/packages/c4/f1/1da77bb4c920aa30e82fa9b6ea065da3467977c2e5e032e38e66f1c57ffd/coverage-7.8.0-pp39.pp310.pp311-none-any.whl", hash = "sha256:b8194fb8e50d556d5849753de991d390c5a1edeeba50f68e3a9253fbd8bf8ccd", size = 203443, upload-time = "2025-03-30T20:36:41.959Z" },
    { url = "https://files.pythonhosted.org/packages/59/f1/4da7717f0063a222db253e7121bd6a56f6fb1ba439dcc36659088793347c/coverage-7.8.0-py3-none-any.whl", hash = "sha256:dbf364b4c5e7bae9250528167dfe40219b62e2d573c854d74be213e1e52069f7", size = 203435, upload-time = "2025-03-30T20:36:43.61Z" },
]

[[package]]
name = "docstring-parser"
version = "0.16"
source = { registry = "https://pypi.org/simple" }
sdist = { url = "https://files.pythonhosted.org/packages/08/12/9c22a58c0b1e29271051222d8906257616da84135af9ed167c9e28f85cb3/docstring_parser-0.16.tar.gz", hash = "sha256:538beabd0af1e2db0146b6bd3caa526c35a34d61af9fd2887f3a8a27a739aa6e", size = 26565, upload-time = "2024-03-15T10:39:44.419Z" }
wheels = [
    { url = "https://files.pythonhosted.org/packages/d5/7c/e9fcff7623954d86bdc17782036cbf715ecab1bec4847c008557affe1ca8/docstring_parser-0.16-py3-none-any.whl", hash = "sha256:bf0a1387354d3691d102edef7ec124f219ef639982d096e26e3b60aeffa90637", size = 36533, upload-time = "2024-03-15T10:39:41.527Z" },
]

[[package]]
name = "iniconfig"
version = "2.1.0"
source = { registry = "https://pypi.org/simple" }
sdist = { url = "https://files.pythonhosted.org/packages/f2/97/ebf4da567aa6827c909642694d71c9fcf53e5b504f2d96afea02718862f3/iniconfig-2.1.0.tar.gz", hash = "sha256:3abbd2e30b36733fee78f9c7f7308f2d0050e88f0087fd25c2645f63c773e1c7", size = 4793, upload-time = "2025-03-19T20:09:59.721Z" }
wheels = [
    { url = "https://files.pythonhosted.org/packages/2c/e1/e6716421ea10d38022b952c159d5161ca1193197fb744506875fbb87ea7b/iniconfig-2.1.0-py3-none-any.whl", hash = "sha256:9deba5723312380e77435581c6bf4935c94cbfab9b1ed33ef8d238ea168eb760", size = 6050, upload-time = "2025-03-19T20:10:01.071Z" },
]

[[package]]
name = "markdown-it-py"
version = "3.0.0"
source = { registry = "https://pypi.org/simple" }
dependencies = [
    { name = "mdurl" },
]
sdist = { url = "https://files.pythonhosted.org/packages/38/71/3b932df36c1a044d397a1f92d1cf91ee0a503d91e470cbd670aa66b07ed0/markdown-it-py-3.0.0.tar.gz", hash = "sha256:e3f60a94fa066dc52ec76661e37c851cb232d92f9886b15cb560aaada2df8feb", size = 74596, upload-time = "2023-06-03T06:41:14.443Z" }
wheels = [
    { url = "https://files.pythonhosted.org/packages/42/d7/1ec15b46af6af88f19b8e5ffea08fa375d433c998b8a7639e76935c14f1f/markdown_it_py-3.0.0-py3-none-any.whl", hash = "sha256:355216845c60bd96232cd8d8c40e8f9765cc86f46880e43a8fd22dc1a1a8cab1", size = 87528, upload-time = "2023-06-03T06:41:11.019Z" },
]

[[package]]
name = "mdurl"
version = "0.1.2"
source = { registry = "https://pypi.org/simple" }
sdist = { url = "https://files.pythonhosted.org/packages/d6/54/cfe61301667036ec958cb99bd3efefba235e65cdeb9c84d24a8293ba1d90/mdurl-0.1.2.tar.gz", hash = "sha256:bb413d29f5eea38f31dd4754dd7377d4465116fb207585f97bf925588687c1ba", size = 8729, upload-time = "2022-08-14T12:40:10.846Z" }
wheels = [
    { url = "https://files.pythonhosted.org/packages/b3/38/89ba8ad64ae25be8de66a6d463314cf1eb366222074cfda9ee839c56a4b4/mdurl-0.1.2-py3-none-any.whl", hash = "sha256:84008a41e51615a49fc9966191ff91509e3c40b939176e643fd50a5c2196b8f8", size = 9979, upload-time = "2022-08-14T12:40:09.779Z" },
]

[[package]]
name = "msgspec"
version = "0.19.0"
source = { registry = "https://pypi.org/simple" }
sdist = { url = "https://files.pythonhosted.org/packages/cf/9b/95d8ce458462b8b71b8a70fa94563b2498b89933689f3a7b8911edfae3d7/msgspec-0.19.0.tar.gz", hash = "sha256:604037e7cd475345848116e89c553aa9a233259733ab51986ac924ab1b976f8e", size = 216934, upload-time = "2024-12-27T17:40:28.597Z" }
wheels = [
    { url = "https://files.pythonhosted.org/packages/24/d4/2ec2567ac30dab072cce3e91fb17803c52f0a37aab6b0c24375d2b20a581/msgspec-0.19.0-cp311-cp311-macosx_10_9_x86_64.whl", hash = "sha256:aa77046904db764b0462036bc63ef71f02b75b8f72e9c9dd4c447d6da1ed8f8e", size = 187939, upload-time = "2024-12-27T17:39:32.347Z" },
    { url = "https://files.pythonhosted.org/packages/2b/c0/18226e4328897f4f19875cb62bb9259fe47e901eade9d9376ab5f251a929/msgspec-0.19.0-cp311-cp311-macosx_11_0_arm64.whl", hash = "sha256:047cfa8675eb3bad68722cfe95c60e7afabf84d1bd8938979dd2b92e9e4a9551", size = 182202, upload-time = "2024-12-27T17:39:33.633Z" },
    { url = "https://files.pythonhosted.org/packages/81/25/3a4b24d468203d8af90d1d351b77ea3cffb96b29492855cf83078f16bfe4/msgspec-0.19.0-cp311-cp311-manylinux_2_17_aarch64.manylinux2014_aarch64.whl", hash = "sha256:e78f46ff39a427e10b4a61614a2777ad69559cc8d603a7c05681f5a595ea98f7", size = 209029, upload-time = "2024-12-27T17:39:35.023Z" },
    { url = "https://files.pythonhosted.org/packages/85/2e/db7e189b57901955239f7689b5dcd6ae9458637a9c66747326726c650523/msgspec-0.19.0-cp311-cp311-manylinux_2_17_x86_64.manylinux2014_x86_64.whl", hash = "sha256:6c7adf191e4bd3be0e9231c3b6dc20cf1199ada2af523885efc2ed218eafd011", size = 210682, upload-time = "2024-12-27T17:39:36.384Z" },
    { url = "https://files.pythonhosted.org/packages/03/97/7c8895c9074a97052d7e4a1cc1230b7b6e2ca2486714eb12c3f08bb9d284/msgspec-0.19.0-cp311-cp311-musllinux_1_2_aarch64.whl", hash = "sha256:f04cad4385e20be7c7176bb8ae3dca54a08e9756cfc97bcdb4f18560c3042063", size = 214003, upload-time = "2024-12-27T17:39:39.097Z" },
    { url = "https://files.pythonhosted.org/packages/61/61/e892997bcaa289559b4d5869f066a8021b79f4bf8e955f831b095f47a4cd/msgspec-0.19.0-cp311-cp311-musllinux_1_2_x86_64.whl", hash = "sha256:45c8fb410670b3b7eb884d44a75589377c341ec1392b778311acdbfa55187716", size = 216833, upload-time = "2024-12-27T17:39:41.203Z" },
    { url = "https://files.pythonhosted.org/packages/ce/3d/71b2dffd3a1c743ffe13296ff701ee503feaebc3f04d0e75613b6563c374/msgspec-0.19.0-cp311-cp311-win_amd64.whl", hash = "sha256:70eaef4934b87193a27d802534dc466778ad8d536e296ae2f9334e182ac27b6c", size = 186184, upload-time = "2024-12-27T17:39:43.702Z" },
    { url = "https://files.pythonhosted.org/packages/b2/5f/a70c24f075e3e7af2fae5414c7048b0e11389685b7f717bb55ba282a34a7/msgspec-0.19.0-cp312-cp312-macosx_10_13_x86_64.whl", hash = "sha256:f98bd8962ad549c27d63845b50af3f53ec468b6318400c9f1adfe8b092d7b62f", size = 190485, upload-time = "2024-12-27T17:39:44.974Z" },
    { url = "https://files.pythonhosted.org/packages/89/b0/1b9763938cfae12acf14b682fcf05c92855974d921a5a985ecc197d1c672/msgspec-0.19.0-cp312-cp312-macosx_11_0_arm64.whl", hash = "sha256:43bbb237feab761b815ed9df43b266114203f53596f9b6e6f00ebd79d178cdf2", size = 183910, upload-time = "2024-12-27T17:39:46.401Z" },
    { url = "https://files.pythonhosted.org/packages/87/81/0c8c93f0b92c97e326b279795f9c5b956c5a97af28ca0fbb9fd86c83737a/msgspec-0.19.0-cp312-cp312-manylinux_2_17_aarch64.manylinux2014_aarch64.whl", hash = "sha256:4cfc033c02c3e0aec52b71710d7f84cb3ca5eb407ab2ad23d75631153fdb1f12", size = 210633, upload-time = "2024-12-27T17:39:49.099Z" },
    { url = "https://files.pythonhosted.org/packages/d0/ef/c5422ce8af73928d194a6606f8ae36e93a52fd5e8df5abd366903a5ca8da/msgspec-0.19.0-cp312-cp312-manylinux_2_17_x86_64.manylinux2014_x86_64.whl", hash = "sha256:d911c442571605e17658ca2b416fd8579c5050ac9adc5e00c2cb3126c97f73bc", size = 213594, upload-time = "2024-12-27T17:39:51.204Z" },
    { url = "https://files.pythonhosted.org/packages/19/2b/4137bc2ed45660444842d042be2cf5b18aa06efd2cda107cff18253b9653/msgspec-0.19.0-cp312-cp312-musllinux_1_2_aarch64.whl", hash = "sha256:757b501fa57e24896cf40a831442b19a864f56d253679f34f260dcb002524a6c", size = 214053, upload-time = "2024-12-27T17:39:52.866Z" },
    { url = "https://files.pythonhosted.org/packages/9d/e6/8ad51bdc806aac1dc501e8fe43f759f9ed7284043d722b53323ea421c360/msgspec-0.19.0-cp312-cp312-musllinux_1_2_x86_64.whl", hash = "sha256:5f0f65f29b45e2816d8bded36e6b837a4bf5fb60ec4bc3c625fa2c6da4124537", size = 219081, upload-time = "2024-12-27T17:39:55.142Z" },
    { url = "https://files.pythonhosted.org/packages/b1/ef/27dd35a7049c9a4f4211c6cd6a8c9db0a50647546f003a5867827ec45391/msgspec-0.19.0-cp312-cp312-win_amd64.whl", hash = "sha256:067f0de1c33cfa0b6a8206562efdf6be5985b988b53dd244a8e06f993f27c8c0", size = 187467, upload-time = "2024-12-27T17:39:56.531Z" },
    { url = "https://files.pythonhosted.org/packages/3c/cb/2842c312bbe618d8fefc8b9cedce37f773cdc8fa453306546dba2c21fd98/msgspec-0.19.0-cp313-cp313-macosx_10_13_x86_64.whl", hash = "sha256:f12d30dd6266557aaaf0aa0f9580a9a8fbeadfa83699c487713e355ec5f0bd86", size = 190498, upload-time = "2024-12-27T17:40:00.427Z" },
    { url = "https://files.pythonhosted.org/packages/58/95/c40b01b93465e1a5f3b6c7d91b10fb574818163740cc3acbe722d1e0e7e4/msgspec-0.19.0-cp313-cp313-macosx_11_0_arm64.whl", hash = "sha256:82b2c42c1b9ebc89e822e7e13bbe9d17ede0c23c187469fdd9505afd5a481314", size = 183950, upload-time = "2024-12-27T17:40:04.219Z" },
    { url = "https://files.pythonhosted.org/packages/e8/f0/5b764e066ce9aba4b70d1db8b087ea66098c7c27d59b9dd8a3532774d48f/msgspec-0.19.0-cp313-cp313-manylinux_2_17_aarch64.manylinux2014_aarch64.whl", hash = "sha256:19746b50be214a54239aab822964f2ac81e38b0055cca94808359d779338c10e", size = 210647, upload-time = "2024-12-27T17:40:05.606Z" },
    { url = "https://files.pythonhosted.org/packages/9d/87/bc14f49bc95c4cb0dd0a8c56028a67c014ee7e6818ccdce74a4862af259b/msgspec-0.19.0-cp313-cp313-manylinux_2_17_x86_64.manylinux2014_x86_64.whl", hash = "sha256:60ef4bdb0ec8e4ad62e5a1f95230c08efb1f64f32e6e8dd2ced685bcc73858b5", size = 213563, upload-time = "2024-12-27T17:40:10.516Z" },
    { url = "https://files.pythonhosted.org/packages/53/2f/2b1c2b056894fbaa975f68f81e3014bb447516a8b010f1bed3fb0e016ed7/msgspec-0.19.0-cp313-cp313-musllinux_1_2_aarch64.whl", hash = "sha256:ac7f7c377c122b649f7545810c6cd1b47586e3aa3059126ce3516ac7ccc6a6a9", size = 213996, upload-time = "2024-12-27T17:40:12.244Z" },
    { url = "https://files.pythonhosted.org/packages/aa/5a/4cd408d90d1417e8d2ce6a22b98a6853c1b4d7cb7669153e4424d60087f6/msgspec-0.19.0-cp313-cp313-musllinux_1_2_x86_64.whl", hash = "sha256:a5bc1472223a643f5ffb5bf46ccdede7f9795078194f14edd69e3aab7020d327", size = 219087, upload-time = "2024-12-27T17:40:14.881Z" },
    { url = "https://files.pythonhosted.org/packages/23/d8/f15b40611c2d5753d1abb0ca0da0c75348daf1252220e5dda2867bd81062/msgspec-0.19.0-cp313-cp313-win_amd64.whl", hash = "sha256:317050bc0f7739cb30d257ff09152ca309bf5a369854bbf1e57dffc310c1f20f", size = 187432, upload-time = "2024-12-27T17:40:16.256Z" },
]

[[package]]
name = "packaging"
version = "25.0"
source = { registry = "https://pypi.org/simple" }
sdist = { url = "https://files.pythonhosted.org/packages/a1/d4/1fc4078c65507b51b96ca8f8c3ba19e6a61c8253c72794544580a7b6c24d/packaging-25.0.tar.gz", hash = "sha256:d443872c98d677bf60f6a1f2f8c1cb748e8fe762d2bf9d3148b5599295b0fc4f", size = 165727, upload-time = "2025-04-19T11:48:59.673Z" }
wheels = [
    { url = "https://files.pythonhosted.org/packages/20/12/38679034af332785aac8774540895e234f4d07f7545804097de4b666afd8/packaging-25.0-py3-none-any.whl", hash = "sha256:29572ef2b1f17581046b3a2227d5c611fb25ec70ca1ba8554b24b0e69331a484", size = 66469, upload-time = "2025-04-19T11:48:57.875Z" },
]

[[package]]
name = "pluggy"
version = "1.5.0"
source = { registry = "https://pypi.org/simple" }
sdist = { url = "https://files.pythonhosted.org/packages/96/2d/02d4312c973c6050a18b314a5ad0b3210edb65a906f868e31c111dede4a6/pluggy-1.5.0.tar.gz", hash = "sha256:2cffa88e94fdc978c4c574f15f9e59b7f4201d439195c3715ca9e2486f1d0cf1", size = 67955, upload-time = "2024-04-20T21:34:42.531Z" }
wheels = [
    { url = "https://files.pythonhosted.org/packages/88/5f/e351af9a41f866ac3f1fac4ca0613908d9a41741cfcf2228f4ad853b697d/pluggy-1.5.0-py3-none-any.whl", hash = "sha256:44e1ad92c8ca002de6377e165f3e0f1be63266ab4d554740532335b9d75ea669", size = 20556, upload-time = "2024-04-20T21:34:40.434Z" },
]

[[package]]
name = "pygments"
version = "2.19.1"
source = { registry = "https://pypi.org/simple" }
sdist = { url = "https://files.pythonhosted.org/packages/7c/2d/c3338d48ea6cc0feb8446d8e6937e1408088a72a39937982cc6111d17f84/pygments-2.19.1.tar.gz", hash = "sha256:61c16d2a8576dc0649d9f39e089b5f02bcd27fba10d8fb4dcc28173f7a45151f", size = 4968581, upload-time = "2025-01-06T17:26:30.443Z" }
wheels = [
    { url = "https://files.pythonhosted.org/packages/8a/0b/9fcc47d19c48b59121088dd6da2488a49d5f72dacf8262e2790a1d2c7d15/pygments-2.19.1-py3-none-any.whl", hash = "sha256:9ea1544ad55cecf4b8242fab6dd35a93bbce657034b0611ee383099054ab6d8c", size = 1225293, upload-time = "2025-01-06T17:26:25.553Z" },
]

[[package]]
name = "pytest"
version = "8.3.5"
source = { registry = "https://pypi.org/simple" }
dependencies = [
    { name = "colorama", marker = "sys_platform == 'win32'" },
    { name = "iniconfig" },
    { name = "packaging" },
    { name = "pluggy" },
]
sdist = { url = "https://files.pythonhosted.org/packages/ae/3c/c9d525a414d506893f0cd8a8d0de7706446213181570cdbd766691164e40/pytest-8.3.5.tar.gz", hash = "sha256:f4efe70cc14e511565ac476b57c279e12a855b11f48f212af1080ef2263d3845", size = 1450891, upload-time = "2025-03-02T12:54:54.503Z" }
wheels = [
    { url = "https://files.pythonhosted.org/packages/30/3d/64ad57c803f1fa1e963a7946b6e0fea4a70df53c1a7fed304586539c2bac/pytest-8.3.5-py3-none-any.whl", hash = "sha256:c69214aa47deac29fad6c2a4f590b9c4a9fdb16a403176fe154b79c0b4d4d820", size = 343634, upload-time = "2025-03-02T12:54:52.069Z" },
]

[[package]]
name = "pytest-subtests"
version = "0.14.2"
source = { registry = "https://pypi.org/simple" }
dependencies = [
    { name = "attrs" },
    { name = "pytest" },
]
sdist = { url = "https://files.pythonhosted.org/packages/59/30/6ec8dfc678ddfd1c294212bbd7088c52d3f7fbf3f05e6d8a440c13b9741a/pytest_subtests-0.14.2.tar.gz", hash = "sha256:7154a8665fd528ee70a76d00216a44d139dc3c9c83521a0f779f7b0ad4f800de", size = 18083, upload-time = "2025-06-13T10:50:01.636Z" }
wheels = [
    { url = "https://files.pythonhosted.org/packages/47/d4/9bf12e59fb882b0cf4f993871e1adbee094802224c429b00861acee1a169/pytest_subtests-0.14.2-py3-none-any.whl", hash = "sha256:8da0787c994ab372a13a0ad7d390533ad2e4385cac167b3ac501258c885d0b66", size = 9115, upload-time = "2025-06-13T10:50:00.543Z" },
]

[[package]]
name = "rich"
version = "14.0.0"
source = { registry = "https://pypi.org/simple" }
dependencies = [
    { name = "markdown-it-py" },
    { name = "pygments" },
]
sdist = { url = "https://files.pythonhosted.org/packages/a1/53/830aa4c3066a8ab0ae9a9955976fb770fe9c6102117c8ec4ab3ea62d89e8/rich-14.0.0.tar.gz", hash = "sha256:82f1bc23a6a21ebca4ae0c45af9bdbc492ed20231dcb63f297d6d1021a9d5725", size = 224078, upload-time = "2025-03-30T14:15:14.23Z" }
wheels = [
    { url = "https://files.pythonhosted.org/packages/0d/9b/63f4c7ebc259242c89b3acafdb37b41d1185c07ff0011164674e9076b491/rich-14.0.0-py3-none-any.whl", hash = "sha256:1c9491e1951aac09caffd42f448ee3d04e58923ffe14993f6e83068dc395d7e0", size = 243229, upload-time = "2025-03-30T14:15:12.283Z" },
]

[[package]]
name = "rich-argparse"
version = "1.7.0"
source = { registry = "https://pypi.org/simple" }
dependencies = [
    { name = "rich" },
]
sdist = { url = "https://files.pythonhosted.org/packages/aa/b9/ff53663ee7fa6a4195fa96d91da499f2e00ca067541e016d345cce1c9ad2/rich_argparse-1.7.0.tar.gz", hash = "sha256:f31d809c465ee43f367d599ccaf88b73bc2c4d75d74ed43f2d538838c53544ba", size = 38009, upload-time = "2025-02-08T19:00:20.755Z" }
wheels = [
    { url = "https://files.pythonhosted.org/packages/bb/9c/dc7cbeb99a7b7422392ed7f327efdbb958bc0faf424aef5f130309320bda/rich_argparse-1.7.0-py3-none-any.whl", hash = "sha256:b8ec8943588e9731967f4f97b735b03dc127c416f480a083060433a97baf2fd3", size = 25339, upload-time = "2025-02-08T19:00:17.911Z" },
]

[[package]]
name = "toolr"
version = "0.1.0"
source = { editable = "." }
dependencies = [
    { name = "docstring-parser" },
    { name = "msgspec" },
    { name = "rich-argparse" },
]

[package.dev-dependencies]
dev = [
    { name = "attrs" },
    { name = "coverage" },
    { name = "pytest" },
    { name = "pytest-subtests" },
]

[package.metadata]
requires-dist = [
    { name = "docstring-parser", specifier = ">=0.16" },
    { name = "msgspec", specifier = ">=0.19.0" },
    { name = "rich-argparse", specifier = ">=1.7.0" },
]

[package.metadata.requires-dev]
dev = [
    { name = "attrs", specifier = ">=25.3.0" },
    { name = "coverage", specifier = ">=7.8.0" },
    { name = "pytest", specifier = ">=8.3.5" },
    { name = "pytest-subtests", specifier = ">=0.14.2" },
]
