version = 1
revision = 3
requires-python = ">=3.11"

[[package]]
name = "markdown-it-py"
version = "4.2.0"
source = { registry = "https://pypi.org/simple" }
dependencies = [
    { name = "mdurl" },
]
sdist = { url = "https://files.pythonhosted.org/packages/06/ff/7841249c247aa650a76b9ee4bbaeae59370dc8bfd2f6c01f3630c35eb134/markdown_it_py-4.2.0.tar.gz", hash = "sha256:04a21681d6fbb623de53f6f364d352309d4094dd4194040a10fd51833e418d49", size = 82454, upload-time = "2026-05-07T12:08:28.36Z" }
wheels = [
    { url = "https://files.pythonhosted.org/packages/b3/81/4da04ced5a082363ecfa159c010d200ecbd959ae410c10c0264a38cac0f5/markdown_it_py-4.2.0-py3-none-any.whl", hash = "sha256:9f7ebbcd14fe59494226453aed97c1070d83f8d24b6fc3a3bcf9a38092641c4a", size = 91687, upload-time = "2026-05-07T12:08:27.182Z" },
]

[[package]]
name = "mdurl"
version = "0.1.2"
source = { registry = "https://pypi.org/simple" }
sdist = { url = "https://files.pythonhosted.org/packages/d6/54/cfe61301667036ec958cb99bd3efefba235e65cdeb9c84d24a8293ba1d90/mdurl-0.1.2.tar.gz", hash = "sha256:bb413d29f5eea38f31dd4754dd7377d4465116fb207585f97bf925588687c1ba", size = 8729, upload-time = "2022-08-14T12:40:10.846Z" }
wheels = [
    { url = "https://files.pythonhosted.org/packages/b3/38/89ba8ad64ae25be8de66a6d463314cf1eb366222074cfda9ee839c56a4b4/mdurl-0.1.2-py3-none-any.whl", hash = "sha256:84008a41e51615a49fc9966191ff91509e3c40b939176e643fd50a5c2196b8f8", size = 9979, upload-time = "2022-08-14T12:40:09.779Z" },
]

[[package]]
name = "msgspec"
version = "0.21.1"
source = { registry = "https://pypi.org/simple" }
sdist = { url = "https://files.pythonhosted.org/packages/e3/60/f79b9b013a16fa3a58350c9295ddc6789f2e335f36ea61ed10a21b215364/msgspec-0.21.1.tar.gz", hash = "sha256:2313508e394b0d208f8f56892ca9b2799e2561329de9763b19619595a6c0f72c", size = 319193, upload-time = "2026-04-12T21:44:50.394Z" }
wheels = [
    { url = "https://files.pythonhosted.org/packages/ba/7f/bbc4e74cd33d316b75541149e4d35b163b63bce066530ae185a2ec3b5bfc/msgspec-0.21.1-cp311-cp311-macosx_10_9_x86_64.whl", hash = "sha256:b504b6e7f7a22a24b27232b73034421692147865162daaec9f3bf62439007c87", size = 193131, upload-time = "2026-04-12T21:43:56.094Z" },
    { url = "https://files.pythonhosted.org/packages/c1/60/504886af1aaf854112663b842d5eea9a15d9588f9bf7d0d2df736424b84d/msgspec-0.21.1-cp311-cp311-macosx_11_0_arm64.whl", hash = "sha256:4692b7c1609155708c4418f88e92f63c13fdf08aa095c84bae82bad75b53389b", size = 186597, upload-time = "2026-04-12T21:43:57.242Z" },
    { url = "https://files.pythonhosted.org/packages/fa/54/d24ddeaa65b5278c9e67f48ce3c17a9831e8f3722f3c8322ee120aca22ef/msgspec-0.21.1-cp311-cp311-manylinux2014_aarch64.manylinux_2_17_aarch64.manylinux_2_28_aarch64.whl", hash = "sha256:d3124010b3815451494c85ff345e693cb9fe5889cfcbbef39ed8622e0e72319c", size = 215158, upload-time = "2026-04-12T21:43:58.442Z" },
    { url = "https://files.pythonhosted.org/packages/9f/75/bb79c8b89a93ae23cd33c0d802373f16feaf9633f05d8af77091350dda0a/msgspec-0.21.1-cp311-cp311-manylinux2014_x86_64.manylinux_2_17_x86_64.manylinux_2_28_x86_64.whl", hash = "sha256:6badc03b9725352219cca017bfe71c61f2fbd0fb5982b410ac17c97c213deb30", size = 219856, upload-time = "2026-04-12T21:44:00.015Z" },
    { url = "https://files.pythonhosted.org/packages/b4/9c/c5ca26b46f0ebbd3a6683695ef89396712cb9e4199fd1f0bc1dd968216b1/msgspec-0.21.1-cp311-cp311-musllinux_1_2_aarch64.whl", hash = "sha256:5d2d4116ebe3035a78d9ec76e99a9d64e5fa6d44fe61a9c5de7fd1acf54bcc69", size = 220314, upload-time = "2026-04-12T21:44:01.548Z" },
    { url = "https://files.pythonhosted.org/packages/c8/31/645a351c4285dce40ed6755c3dcc0aa648e26dacb20a98018fe2cce5e87b/msgspec-0.21.1-cp311-cp311-musllinux_1_2_x86_64.whl", hash = "sha256:0d1009f6715f5bff3b54d4ff5c7428ad96197e0534e1645b8e9b955890c84664", size = 223215, upload-time = "2026-04-12T21:44:02.884Z" },
    { url = "https://files.pythonhosted.org/packages/09/af/8bf15736a6dd3cb4f90c5467f6dc39197d2daaf10754490cdc0aa17b7312/msgspec-0.21.1-cp311-cp311-win_amd64.whl", hash = "sha256:c6faffe5bb644ec884052679af4dfd776d4b5ca90e4a7ec7e7e319e4e6b93a6e", size = 188554, upload-time = "2026-04-12T21:44:04.151Z" },
    { url = "https://files.pythonhosted.org/packages/ef/29/cc7db3a165b62d16e64a83f82eccb79655055cb5bc1f60459a6f9d7c82f2/msgspec-0.21.1-cp311-cp311-win_arm64.whl", hash = "sha256:ee9e3f11fa94603f7d673bf795cfa31b549c4a2c723bc39b45beb1e7f5a3fb99", size = 174517, upload-time = "2026-04-12T21:44:05.66Z" },
    { url = "https://files.pythonhosted.org/packages/6e/cf/317224852c00248c620a9bcf4b26e2e4ab8afd752f18d2a6ef73ebd423b6/msgspec-0.21.1-cp312-cp312-macosx_10_13_x86_64.whl", hash = "sha256:d4248cf0b6129b7d230eacd493c17cc2d4f3989f3bb7f633a928a85b7dcfa251", size = 196188, upload-time = "2026-04-12T21:44:07.181Z" },
    { url = "https://files.pythonhosted.org/packages/6d/81/074612945c0666078f7366f40000013de9f6ba687491d450df699bceebc9/msgspec-0.21.1-cp312-cp312-macosx_11_0_arm64.whl", hash = "sha256:5102c7e9b3acff82178449b85006d96310e690291bb1ea0142f1b24bcb8aabcb", size = 188473, upload-time = "2026-04-12T21:44:08.736Z" },
    { url = "https://files.pythonhosted.org/packages/8a/37/655101799590bcc5fddb2bd3fe0e6194e816c2d1da7c361725f5eb89a910/msgspec-0.21.1-cp312-cp312-manylinux2014_aarch64.manylinux_2_17_aarch64.manylinux_2_28_aarch64.whl", hash = "sha256:846758412e9518252b2ac9bffd6f0e54d9ff614f5f9488df7749f81ff5c80920", size = 218871, upload-time = "2026-04-12T21:44:09.917Z" },
    { url = "https://files.pythonhosted.org/packages/b5/d1/d4cd9fe89c7d400d7a18f86ccc94daa3f0927f53558846fcb60791dce5d6/msgspec-0.21.1-cp312-cp312-manylinux2014_x86_64.manylinux_2_17_x86_64.manylinux_2_28_x86_64.whl", hash = "sha256:21995e74b5c598c2e004110ad66ec7f1b8c20bf2bcf3b2de8fd9a3094422d3ff", size = 225025, upload-time = "2026-04-12T21:44:11.191Z" },
    { url = "https://files.pythonhosted.org/packages/24/bf/e20549e602b9edccadeeff98760345a416f9cce846a657e8b18e3396b212/msgspec-0.21.1-cp312-cp312-musllinux_1_2_aarch64.whl", hash = "sha256:6129f0cca52992e898fd5344187f7c8127b63d810b2fd73e36fca73b4c6475ee", size = 222672, upload-time = "2026-04-12T21:44:12.481Z" },
    { url = "https://files.pythonhosted.org/packages/b4/68/04d7a8f0f786545cf9b8c280c57aa6befb5977af6e884b8b54191cbe44b3/msgspec-0.21.1-cp312-cp312-musllinux_1_2_x86_64.whl", hash = "sha256:ef3ec2296248d1f8b9231acb051b6d471dfde8f21819e86c9adaaa9f42918521", size = 227303, upload-time = "2026-04-12T21:44:13.709Z" },
    { url = "https://files.pythonhosted.org/packages/cc/4d/619866af2840875be408047bf9e70ceafbae6ab50660de7134ed1b25eb86/msgspec-0.21.1-cp312-cp312-win_amd64.whl", hash = "sha256:d4ab834a054c6f0cbeef6df9e7e1b33d5f1bc7b86dea1d2fd7cad003873e783d", size = 190017, upload-time = "2026-04-12T21:44:14.977Z" },
    { url = "https://files.pythonhosted.org/packages/5e/2e/a8f9eca8fd00e097d7a9e99ba8a4685db994494448e3d4f0b7f6e9a3c0f7/msgspec-0.21.1-cp312-cp312-win_arm64.whl", hash = "sha256:628aaa35c74950a8c59da330d7e98917e1c7188f983745782027748ee4ca573e", size = 175345, upload-time = "2026-04-12T21:44:16.431Z" },
    { url = "https://files.pythonhosted.org/packages/7e/74/f11ede02839b19ff459f88e3145df5d711626ca84da4e23520cebf819367/msgspec-0.21.1-cp313-cp313-macosx_10_13_x86_64.whl", hash = "sha256:764173717a01743f007e9f74520ed281f24672c604514f7d76c1c3a10e8edb66", size = 196176, upload-time = "2026-04-12T21:44:17.613Z" },
    { url = "https://files.pythonhosted.org/packages/bb/40/4476c1bd341418a046c4955aff632ec769315d1e3cb94e6acf86d461f9ed/msgspec-0.21.1-cp313-cp313-macosx_11_0_arm64.whl", hash = "sha256:344c7cd0eaed1fb81d7959f99100ef71ec9b536881a376f11b9a6c4803365697", size = 188524, upload-time = "2026-04-12T21:44:18.815Z" },
    { url = "https://files.pythonhosted.org/packages/ca/d9/9e9d7d7e5061b47540d03d640fab9b3965ba7ae49c1b2154861c8f007518/msgspec-0.21.1-cp313-cp313-manylinux2014_aarch64.manylinux_2_17_aarch64.manylinux_2_28_aarch64.whl", hash = "sha256:48943e278b3854c2f89f955ddc6f9f430d3f0784b16e47d10604ee0463cd21f5", size = 218880, upload-time = "2026-04-12T21:44:20.028Z" },
    { url = "https://files.pythonhosted.org/packages/74/66/2bb344f34abb4b57e60c7c9c761994e0417b9718ec1460bf00c296f2a7ea/msgspec-0.21.1-cp313-cp313-manylinux2014_x86_64.manylinux_2_17_x86_64.manylinux_2_28_x86_64.whl", hash = "sha256:a9aa659ebb0101b1cbc31461212b87e341d961f0ab0772aaf068a99e001ec4aa", size = 225050, upload-time = "2026-04-12T21:44:21.577Z" },
    { url = "https://files.pythonhosted.org/packages/1a/84/7c1e412f76092277bf760cef12b7979d03314d259ab5b5cafde5d0c1722d/msgspec-0.21.1-cp313-cp313-musllinux_1_2_aarch64.whl", hash = "sha256:f7b27d1a8ead2b6f5b0c4f2d07b8be1ccfcc041c8a0e704781edebe3ae13c484", size = 222713, upload-time = "2026-04-12T21:44:22.83Z" },
    { url = "https://files.pythonhosted.org/packages/4e/27/0bba04b2b4ef05f3d068429410bc71d2cea925f1596a8f41152cccd5edb8/msgspec-0.21.1-cp313-cp313-musllinux_1_2_x86_64.whl", hash = "sha256:38fe93e86b61328fe544cb7fd871fad5a27c8734bfda90f65e5dbe288ae50f61", size = 227259, upload-time = "2026-04-12T21:44:24.11Z" },
    { url = "https://files.pythonhosted.org/packages/b0/2d/09574b0eea02fed2c2c1383dbaae2c7f79dc16dcd6487a886000afb5d7c4/msgspec-0.21.1-cp313-cp313-win_amd64.whl", hash = "sha256:8bc666331c35fcce05a7cd2d6221adbe0f6058f8e750711413d22793c080ac6a", size = 189857, upload-time = "2026-04-12T21:44:25.359Z" },
    { url = "https://files.pythonhosted.org/packages/46/34/105b1576ad182879914f0c821f17ee1d13abb165cb060448f96fe2aff078/msgspec-0.21.1-cp313-cp313-win_arm64.whl", hash = "sha256:42bb1241e0750c1a4346f2aa84db26c5ffd99a4eb3a954927d9f149ff2f42898", size = 175403, upload-time = "2026-04-12T21:44:26.608Z" },
    { url = "https://files.pythonhosted.org/packages/5a/ad/86954e987d1d6a5c579e2c2e7832b65e0fff194179fdac4f581536086024/msgspec-0.21.1-cp314-cp314-macosx_10_15_x86_64.whl", hash = "sha256:fab48eb45fdbfbdb2c0edfec00ffc53b6b6085beefc6b50b61e01659f9f8757f", size = 196261, upload-time = "2026-04-12T21:44:27.807Z" },
    { url = "https://files.pythonhosted.org/packages/d1/a1/c5e46c3e42b866199365e35d11dddfd1fbd8bba4fdb3c52f965b1607ce94/msgspec-0.21.1-cp314-cp314-macosx_11_0_arm64.whl", hash = "sha256:3cb779ea0c35bc807ff941d415875c1f69ca0be91a2e907ab99a171811d86a9a", size = 188729, upload-time = "2026-04-12T21:44:28.99Z" },
    { url = "https://files.pythonhosted.org/packages/85/7d/1e29a319d678d6cb962ae5bdf32a6858ebdf38f73bc654c0e9c742a0c2c8/msgspec-0.21.1-cp314-cp314-manylinux2014_aarch64.manylinux_2_17_aarch64.manylinux_2_28_aarch64.whl", hash = "sha256:68604db36b3b4dd9bf160e436e12798a4738848144cea1aca1cb984011eb160f", size = 219866, upload-time = "2026-04-12T21:44:31.104Z" },
    { url = "https://files.pythonhosted.org/packages/25/1f/cca084ca2572810fff12ea9dbdcbe39eac048f40daf4a9077b49fcbe8cee/msgspec-0.21.1-cp314-cp314-manylinux2014_x86_64.manylinux_2_17_x86_64.manylinux_2_28_x86_64.whl", hash = "sha256:3d6b9dc50948eaf65df54d2fd0ff66e6d8c32f116037209ee861810eb9b676cb", size = 224993, upload-time = "2026-04-12T21:44:32.649Z" },
    { url = "https://files.pythonhosted.org/packages/71/94/d2120fc9d419a89a3a7c13e5b7078798c4b392a96a02a6e2b3ce43a8766c/msgspec-0.21.1-cp314-cp314-musllinux_1_2_aarch64.whl", hash = "sha256:52c5e21930942302394429c5a582ce7e6b62c7f983b3760834c2ce107e0dd6df", size = 223535, upload-time = "2026-04-12T21:44:33.839Z" },
    { url = "https://files.pythonhosted.org/packages/75/17/42418b66a3ad972a89bab73dd78b79cc6282bb488a25e73c853cee7443b9/msgspec-0.21.1-cp314-cp314-musllinux_1_2_x86_64.whl", hash = "sha256:abbb39d65681fa24ed394e01af3d59d869068324f900c61d06062b7fb9980f2f", size = 227222, upload-time = "2026-04-12T21:44:35.093Z" },
    { url = "https://files.pythonhosted.org/packages/c4/33/265c894268cca88ff67b144ca2b4c522fc8b9a6f1966a3640c70516e78e1/msgspec-0.21.1-cp314-cp314-win_amd64.whl", hash = "sha256:5666b1b560b97b6ec2eb3fca8a502298ebac56e13bbca1f88523538ce83d01ea", size = 193810, upload-time = "2026-04-12T21:44:36.612Z" },
    { url = "https://files.pythonhosted.org/packages/3b/8f/a6d35f25bf1fc63c492fdd88fdce01ba0875ead48c2b91f90f33653b4131/msgspec-0.21.1-cp314-cp314-win_arm64.whl", hash = "sha256:d8b8578e4c83b14ceea4cef0d0b747e31d9330fe4b03b2b2ad4063866a178f93", size = 179125, upload-time = "2026-04-12T21:44:38.198Z" },
    { url = "https://files.pythonhosted.org/packages/c6/39/74839641e64b99d87da55af0fc472854d42b46e2183b9e2a67fe1bb2a512/msgspec-0.21.1-cp314-cp314t-macosx_10_15_x86_64.whl", hash = "sha256:15f523d51c00ebad412213bfe9f06f0a50ec2b93e0c19e824a2d267cabb48ea2", size = 200171, upload-time = "2026-04-12T21:44:39.414Z" },
    { url = "https://files.pythonhosted.org/packages/70/9b/ce0cca6d2d87fcd4b6ff97600790494e64f26a2c55d61507cd2755c16193/msgspec-0.21.1-cp314-cp314t-macosx_11_0_arm64.whl", hash = "sha256:4e47390360583ba3d5c6cb44cf0a9f61b0a06a899d3c2c00627cedebb2e2884b", size = 192879, upload-time = "2026-04-12T21:44:40.882Z" },
    { url = "https://files.pythonhosted.org/packages/a7/08/673a7bb05e5702dc787ddd3011195b509f9867927970da59052211929987/msgspec-0.21.1-cp314-cp314t-manylinux2014_aarch64.manylinux_2_17_aarch64.manylinux_2_28_aarch64.whl", hash = "sha256:f60800e6299b798142dc40b0644da77ceac5ea0568be58228417eae14135c847", size = 226281, upload-time = "2026-04-12T21:44:42.181Z" },
    { url = "https://files.pythonhosted.org/packages/7d/45/86508cf57283e9070b3c447e3ab25b792a7a0855a3ea4e0c6d111ac34c97/msgspec-0.21.1-cp314-cp314t-manylinux2014_x86_64.manylinux_2_17_x86_64.manylinux_2_28_x86_64.whl", hash = "sha256:5f8e9dfcd98419cf7568808470c4317a3fb30bef0e3715b568730a2b272a20d7", size = 229863, upload-time = "2026-04-12T21:44:43.442Z" },
    { url = "https://files.pythonhosted.org/packages/2c/62/e7c9367cd08d590559faacd711edbae36840342843e669440363f33c7d36/msgspec-0.21.1-cp314-cp314t-musllinux_1_2_aarch64.whl", hash = "sha256:92d89dfad13bd1ea640dc3e37e724ed380da1030b272bdf5ecafb983c3ad7c75", size = 230445, upload-time = "2026-04-12T21:44:44.806Z" },
    { url = "https://files.pythonhosted.org/packages/42/b4/c0f54632103846b658a10930025f4de41c8724b5e4805a5f3b395586cb7e/msgspec-0.21.1-cp314-cp314t-musllinux_1_2_x86_64.whl", hash = "sha256:0d03867786e5d7ba25d666df4b11320c27170f4aeafcb8e3a8b0a50a4fb742ca", size = 231822, upload-time = "2026-04-12T21:44:46.343Z" },
    { url = "https://files.pythonhosted.org/packages/ea/1d/0d85cc79d0ccf5508e9c846cc66552a6a16bf92abd1dbd8362617f7b35cd/msgspec-0.21.1-cp314-cp314t-win_amd64.whl", hash = "sha256:740fbf1c9d59992ca3537d6fbe9ebbf9eaf726a65fbf31448e0ecbc710697a63", size = 206650, upload-time = "2026-04-12T21:44:47.601Z" },
    { url = "https://files.pythonhosted.org/packages/90/91/56c5d560f20e6c20e9e4f55bd0e458f7f162aa689ee350346c04c48eac0b/msgspec-0.21.1-cp314-cp314t-win_arm64.whl", hash = "sha256:0d2cc73df6058d811a126ac3a8ad63a4dfa210c82f9cf5a004802eaf4712de90", size = 183149, upload-time = "2026-04-12T21:44:48.833Z" },
]

[[package]]
name = "packaging"
version = "26.2"
source = { registry = "https://pypi.org/simple" }
sdist = { url = "https://files.pythonhosted.org/packages/d7/f1/e7a6dd94a8d4a5626c03e4e99c87f241ba9e350cd9e6d75123f992427270/packaging-26.2.tar.gz", hash = "sha256:ff452ff5a3e828ce110190feff1178bb1f2ea2281fa2075aadb987c2fb221661", size = 228134, upload-time = "2026-04-24T20:15:23.917Z" }
wheels = [
    { url = "https://files.pythonhosted.org/packages/df/b2/87e62e8c3e2f4b32e5fe99e0b86d576da1312593b39f47d8ceef365e95ed/packaging-26.2-py3-none-any.whl", hash = "sha256:5fc45236b9446107ff2415ce77c807cee2862cb6fac22b8a73826d0693b0980e", size = 100195, upload-time = "2026-04-24T20:15:22.081Z" },
]

[[package]]
name = "pygments"
version = "2.20.0"
source = { registry = "https://pypi.org/simple" }
sdist = { url = "https://files.pythonhosted.org/packages/c3/b2/bc9c9196916376152d655522fdcebac55e66de6603a76a02bca1b6414f6c/pygments-2.20.0.tar.gz", hash = "sha256:6757cd03768053ff99f3039c1a36d6c0aa0b263438fcab17520b30a303a82b5f", size = 4955991, upload-time = "2026-03-29T13:29:33.898Z" }
wheels = [
    { url = "https://files.pythonhosted.org/packages/f4/7e/a72dd26f3b0f4f2bf1dd8923c85f7ceb43172af56d63c7383eb62b332364/pygments-2.20.0-py3-none-any.whl", hash = "sha256:81a9e26dd42fd28a23a2d169d86d7ac03b46e2f8b59ed4698fb4785f946d0176", size = 1231151, upload-time = "2026-03-29T13:29:30.038Z" },
]

[[package]]
name = "rich"
version = "15.0.0"
source = { registry = "https://pypi.org/simple" }
dependencies = [
    { name = "markdown-it-py" },
    { name = "pygments" },
]
sdist = { url = "https://files.pythonhosted.org/packages/c0/8f/0722ca900cc807c13a6a0c696dacf35430f72e0ec571c4275d2371fca3e9/rich-15.0.0.tar.gz", hash = "sha256:edd07a4824c6b40189fb7ac9bc4c52536e9780fbbfbddf6f1e2502c31b068c36", size = 230680, upload-time = "2026-04-12T08:24:00.75Z" }
wheels = [
    { url = "https://files.pythonhosted.org/packages/82/3b/64d4899d73f91ba49a8c18a8ff3f0ea8f1c1d75481760df8c68ef5235bf5/rich-15.0.0-py3-none-any.whl", hash = "sha256:33bd4ef74232fb73fe9279a257718407f169c09b78a87ad3d296f548e27de0bb", size = 310654, upload-time = "2026-04-12T08:24:02.83Z" },
]

[[package]]
name = "toolr-py"
version = "0.20.1"
source = { registry = "https://pypi.org/simple" }
dependencies = [
    { name = "msgspec" },
    { name = "packaging" },
    { name = "rich" },
]
sdist = { url = "https://files.pythonhosted.org/packages/f6/d1/352c167066603a323bdd46e47d18651b47e5d40865f7977bef8206a551f3/toolr_py-0.20.1.tar.gz", hash = "sha256:089983dd9f07b1b09e4292731ddc14dcc95b2e5e115334718ef8193315dd7f79", size = 222255, upload-time = "2026-05-28T10:02:18.695Z" }
wheels = [
    { url = "https://files.pythonhosted.org/packages/49/6d/76ddace3efae2a637e65dc04dfd7e92cae5934998537693f1ac4c03dd9c2/toolr_py-0.20.1-cp311-cp311-macosx_11_0_arm64.whl", hash = "sha256:a6492558f5a2f013e07830d475188740671375367bc24b038e81dc7725083b5d", size = 671983, upload-time = "2026-05-28T10:01:35.703Z" },
    { url = "https://files.pythonhosted.org/packages/5b/e1/46f212b4d65406595e8fc020b86a068b53b5f4400f83c98b7ec0e60338e0/toolr_py-0.20.1-cp311-cp311-macosx_11_0_x86_64.whl", hash = "sha256:376947723ba7637686849bddb574cd21c5b85dd4e13fcca69364e8a676320e59", size = 794558, upload-time = "2026-05-28T10:01:37.358Z" },
    { url = "https://files.pythonhosted.org/packages/60/24/874927ba10419b79c0fc2dd7436d1a80257fde6e71f71a77ebc62628748a/toolr_py-0.20.1-cp311-cp311-manylinux_2_28_aarch64.whl", hash = "sha256:36ff191d625e2eff618f6d12300763003e60ce81797cf445828cd3e3c3f3a365", size = 387930, upload-time = "2026-05-28T10:01:38.877Z" },
    { url = "https://files.pythonhosted.org/packages/70/fd/804fe329de52f0a37c8acad9fb90eafe67b669565c3e285d8495ec757bc6/toolr_py-0.20.1-cp311-cp311-manylinux_2_28_x86_64.whl", hash = "sha256:fbf151d6a81d590f165d6ea8e89a3e344f39540328050e0bac1d8960a24fa45e", size = 541061, upload-time = "2026-05-28T10:01:40.433Z" },
    { url = "https://files.pythonhosted.org/packages/76/66/dfd9edf169e37ecf432018f173d3e54a66bb4c9a23e261cebf1f801f525c/toolr_py-0.20.1-cp311-cp311-musllinux_1_2_aarch64.whl", hash = "sha256:d0a791e528ee6abad19b9e6824aee8adec2586c3815c4de0b850ab723cdf1930", size = 453980, upload-time = "2026-05-28T10:01:41.699Z" },
    { url = "https://files.pythonhosted.org/packages/73/55/de422b3e0a7f5c6b2f32af9ffda5c29d7212491898d70ed31c7b809a3948/toolr_py-0.20.1-cp311-cp311-musllinux_1_2_x86_64.whl", hash = "sha256:caec2b9da1ebd8c0721734257c90e399dc9218dedb28479ed62ab91a23e2c94e", size = 479674, upload-time = "2026-05-28T10:01:43.262Z" },
    { url = "https://files.pythonhosted.org/packages/d8/49/15b2b8e46c45d63fe4546cfa64e25aa706c2e5da57bb4a0b6d5b5267c2b6/toolr_py-0.20.1-cp311-cp311-win_amd64.whl", hash = "sha256:410308b066b2a316d3fc861578e472c8f3e1a0e418e9bf2f1d39fe69ac335876", size = 985036, upload-time = "2026-05-28T10:01:44.843Z" },
    { url = "https://files.pythonhosted.org/packages/ad/a8/ff52bfb293839fa0127e2e478a067ac1995f1629d51cdef758572e8f1ec4/toolr_py-0.20.1-cp312-cp312-macosx_11_0_arm64.whl", hash = "sha256:0721c674547bf06d01472a013d59017b2afbb9972ea06da45487a34f4a2769f2", size = 669970, upload-time = "2026-05-28T10:01:46.54Z" },
    { url = "https://files.pythonhosted.org/packages/72/cc/01fe7fe8c88e4df2355337578ed9fc32ba740971c500e6b5ed9384cf2116/toolr_py-0.20.1-cp312-cp312-macosx_11_0_x86_64.whl", hash = "sha256:7cebfd14b0e930d8de8549e1475906cfcbd516facbd1fe4b1d8035b18b8a809a", size = 792148, upload-time = "2026-05-28T10:01:47.922Z" },
    { url = "https://files.pythonhosted.org/packages/aa/de/83c65ea582314729ee4db766c962440aa045aff99a9851e111306b338cc7/toolr_py-0.20.1-cp312-cp312-manylinux_2_28_aarch64.whl", hash = "sha256:59e06bc0d41e0cb9483bc3fe9328cd1d757ae58315f7bfcb77af7d062588030d", size = 386270, upload-time = "2026-05-28T10:01:49.172Z" },
    { url = "https://files.pythonhosted.org/packages/1a/b9/af91cfb214f83679d53747ee77d85b2b144e574c2984d375861e4cb46917/toolr_py-0.20.1-cp312-cp312-manylinux_2_28_x86_64.whl", hash = "sha256:98385d4c0a055a7f83b0dc73627d20bd515f124a85cd682a729977e782119414", size = 539393, upload-time = "2026-05-28T10:01:50.696Z" },
    { url = "https://files.pythonhosted.org/packages/fc/68/83a47c49015cef6d0b7a6427de075595a9a1bec2df3b4fc27e7c42da2504/toolr_py-0.20.1-cp312-cp312-musllinux_1_2_aarch64.whl", hash = "sha256:8128adda78169499ded8720eed0c333359ff46efa81601340b07229970f48ec3", size = 452302, upload-time = "2026-05-28T10:01:52.204Z" },
    { url = "https://files.pythonhosted.org/packages/16/a4/bfeeec225891e57f27d2cf94623132c3ceb3dd967df543746622dc9d22de/toolr_py-0.20.1-cp312-cp312-musllinux_1_2_x86_64.whl", hash = "sha256:2bd27ba01dd166b388b5eef30a30d4c80b3af8a98ca219b7bb3e97d50476b357", size = 478182, upload-time = "2026-05-28T10:01:53.781Z" },
    { url = "https://files.pythonhosted.org/packages/7e/fb/9d0a6bde53c558fcd4ccf9620a446c355c0ce0501c1e0a822881fe56380a/toolr_py-0.20.1-cp312-cp312-win_amd64.whl", hash = "sha256:4f4ed23e73b007335eee69d6d7c019413f402d988f5502951da59c1aafbcb4d3", size = 983851, upload-time = "2026-05-28T10:01:55.313Z" },
    { url = "https://files.pythonhosted.org/packages/f8/92/301521b686ce7eeff3035e664b9fe662ef03a7ae0b8eb038d80464f58f48/toolr_py-0.20.1-cp313-cp313-macosx_11_0_arm64.whl", hash = "sha256:9206ebbe5e33da4a3205b70521b99fed119eb8c94a3c47bb077560dec548fe2b", size = 670062, upload-time = "2026-05-28T10:01:56.74Z" },
    { url = "https://files.pythonhosted.org/packages/bb/49/216391c84cf9dd506db2e9ebcd20f151d15b11816cfbdc7f1a1ebb10fd83/toolr_py-0.20.1-cp313-cp313-macosx_11_0_x86_64.whl", hash = "sha256:360d14197b22b9fc36e620ad128b4889e3478ccdeae405cded81501ea9dc539d", size = 792446, upload-time = "2026-05-28T10:01:58.354Z" },
    { url = "https://files.pythonhosted.org/packages/31/17/5d546d80a10444053f177b0dffee83a294db378ff2bdec068ff8b74cb403/toolr_py-0.20.1-cp313-cp313-manylinux_2_28_aarch64.whl", hash = "sha256:96376d10f32892a57b2fbf8828aa9e0c023043bb113506976099f81f7b8d1958", size = 386386, upload-time = "2026-05-28T10:01:59.706Z" },
    { url = "https://files.pythonhosted.org/packages/46/3d/7b41ec223d235f0c599b9ee430d4ccd5eb8d6f8f4e2396599ac5c446bcfc/toolr_py-0.20.1-cp313-cp313-manylinux_2_28_x86_64.whl", hash = "sha256:3a1896f8770b2c555a21808af3ee571097309c2e0d307bef3a4d7ac338daabc9", size = 538355, upload-time = "2026-05-28T10:02:01.09Z" },
    { url = "https://files.pythonhosted.org/packages/b2/0d/efce153b661b396007d439d1fc64173744c4f3f102870c416f06b40f6b9e/toolr_py-0.20.1-cp313-cp313-musllinux_1_2_aarch64.whl", hash = "sha256:0fce5633e174b825e8fe3e2cd45ff0ad92cd6366825853a1448c794b0a34ebdc", size = 452459, upload-time = "2026-05-28T10:02:02.414Z" },
    { url = "https://files.pythonhosted.org/packages/b8/29/a814c9356b554b4357119bd068c71593bcec60f0bedb1d41d741e52bc7d0/toolr_py-0.20.1-cp313-cp313-musllinux_1_2_x86_64.whl", hash = "sha256:41bceaa0ffeaf264b7c032f398a1896ad67376d9e9069190dcd1be1ff1c17ef7", size = 477493, upload-time = "2026-05-28T10:02:03.878Z" },
    { url = "https://files.pythonhosted.org/packages/d2/a4/e5ae81b15151b2c5923cbace532bbceff842890fcafbe47d648e64c93bbb/toolr_py-0.20.1-cp313-cp313-win_amd64.whl", hash = "sha256:f55df5acaabcca20ddbdbd4fde393220504ddf29909f11e5e40b8b8346c76060", size = 983789, upload-time = "2026-05-28T10:02:05.387Z" },
    { url = "https://files.pythonhosted.org/packages/1b/e0/f43c1019303969406e3bb53dd64865c5074e4884d4167617d5b5690364b7/toolr_py-0.20.1-cp314-cp314-macosx_11_0_arm64.whl", hash = "sha256:47d47711de36ed012eb39045df17a45b8145a1fe184e669f22c60fb33b6ff275", size = 670588, upload-time = "2026-05-28T10:02:06.835Z" },
    { url = "https://files.pythonhosted.org/packages/9c/3c/292b299e0bc61c191e023ff7a60c0e34ecdd8d941638173dadf8c2caccc0/toolr_py-0.20.1-cp314-cp314-macosx_11_0_x86_64.whl", hash = "sha256:7c8069f93fb70957dbb6cbdc263064512c21297f06e2ec18907b988dfe5746df", size = 792739, upload-time = "2026-05-28T10:02:08.211Z" },
    { url = "https://files.pythonhosted.org/packages/7a/20/b6ffd6af23cbb111f0ce8596b19f9b634b347c680658bfe243c4229cbe5f/toolr_py-0.20.1-cp314-cp314-manylinux_2_28_aarch64.whl", hash = "sha256:4fda6b2960f3ac6bdd567351d3acb3db89221be21a21f1d089718b02db307bbe", size = 386150, upload-time = "2026-05-28T10:02:09.851Z" },
    { url = "https://files.pythonhosted.org/packages/cd/53/08d6a586f1753b9c5f2812ea0f2a79d48ae71dd5938873e3966d937bda49/toolr_py-0.20.1-cp314-cp314-manylinux_2_28_x86_64.whl", hash = "sha256:1460819faaa76b9d7ea4e00fc07cd72c3fb502a02120aa04ea6fcf529d0dc8f8", size = 538975, upload-time = "2026-05-28T10:02:11.362Z" },
    { url = "https://files.pythonhosted.org/packages/da/0c/ec94accc6c202245de170b5dfab2cc1c4143e9713c301156fed214461fd1/toolr_py-0.20.1-cp314-cp314-musllinux_1_2_aarch64.whl", hash = "sha256:2f765c4b8243e9a2f11d100024bb5bc8b805d318f72f4f0bc508ca14ddd04729", size = 452088, upload-time = "2026-05-28T10:02:13.022Z" },
    { url = "https://files.pythonhosted.org/packages/4d/3b/5c5a8028ea5b0d98db3de4e88fb69e97208c2e7f8bbf5393b39f390f15a9/toolr_py-0.20.1-cp314-cp314-musllinux_1_2_x86_64.whl", hash = "sha256:58b17a9eb7bb23ba27b15b7b3a14f531f1eecf00e08a8c111c90bd2622a0dc26", size = 477840, upload-time = "2026-05-28T10:02:14.399Z" },
    { url = "https://files.pythonhosted.org/packages/9f/27/99aeea89b3842a4f64c6d5c1c3e5259acb735439f050af7f30e9786a0d06/toolr_py-0.20.1-cp314-cp314-win_amd64.whl", hash = "sha256:4b7e6f0918a981d59bdac46163aaaad678153eab11f8aab9d89060dc9378239f", size = 983961, upload-time = "2026-05-28T10:02:16.127Z" },
]

[[package]]
name = "toolr-tools"
version = "0.0.0"
source = { virtual = "." }
dependencies = [
    { name = "toolr-py" },
]

[package.metadata]
requires-dist = [{ name = "toolr-py" }]
